// !$*UTF8*$!
{
	archiveVersion = 1;
	classes = {
	};
	objectVersion = 46;
	objects = {

/* Begin PBXBuildFile section */
		07EB61CEA8A9A3DC60C2B8B9 /* CoreVideo.framework in Frameworks */ = {isa = PBXBuildFile; fileRef = 6D8AF1E80016001A8B456067 /* CoreVideo.framework */; };
		1FA5CEF7981DACA746D0D31E /* SystemConfiguration.framework in Frameworks */ = {isa = PBXBuildFile; fileRef = 61B9432C6A718CFAB6002B82 /* SystemConfiguration.framework */; };
		43E5661335FFDB27EA9DBA1E /* QuartzCore.framework in Frameworks */ = {isa = PBXBuildFile; fileRef = 489835B315F82D9D0C618594 /* QuartzCore.framework */; };
		48CB9BFE11F0BA2857C55232 /* AssetsLibrary.framework in Frameworks */ = {isa = PBXBuildFile; fileRef = 66B64DF4D0DEA6385D0B7AB1 /* AssetsLibrary.framework */; };
		589DD3C4B7013C38B3DAB2DE /* CoreMedia.framework in Frameworks */ = {isa = PBXBuildFile; fileRef = 6D70187A3528265F1EDA23E9 /* CoreMedia.framework */; };
		73F0A9972704E3933AE80A36 /* AVFoundation.framework in Frameworks */ = {isa = PBXBuildFile; fileRef = A2B423A455E87064838183A9 /* AVFoundation.framework */; };
		7A1FB63A1E90424C0029DCF4 /* AuthenticationViewController.swift in Sources */ = {isa = PBXBuildFile; fileRef = 7A1FB6391E90424C0029DCF4 /* AuthenticationViewController.swift */; };
		7A1FB63D1E905A570029DCF4 /* Storyboards.swift in Sources */ = {isa = PBXBuildFile; fileRef = 7A1FB63B1E905A570029DCF4 /* Storyboards.swift */; };
		7A1FB63E1E905A570029DCF4 /* Assets.swift in Sources */ = {isa = PBXBuildFile; fileRef = 7A1FB63C1E905A570029DCF4 /* Assets.swift */; };
		7A1FB6401E905C8F0029DCF4 /* ListViewController.swift in Sources */ = {isa = PBXBuildFile; fileRef = 7A1FB63F1E905C8F0029DCF4 /* ListViewController.swift */; };
		7A1FB6431E906D800029DCF4 /* RootView.swift in Sources */ = {isa = PBXBuildFile; fileRef = 7A1FB6421E906D800029DCF4 /* RootView.swift */; };
		7A1FB6521E9072B20029DCF4 /* RootViewModel.swift in Sources */ = {isa = PBXBuildFile; fileRef = 7A1FB6511E9072B20029DCF4 /* RootViewModel.swift */; };
		7A47166A1E8B47320098DD0B /* AppDelegate.swift in Sources */ = {isa = PBXBuildFile; fileRef = 7A4716691E8B47320098DD0B /* AppDelegate.swift */; };
		7A47166C1E8B47320098DD0B /* RootViewController.swift in Sources */ = {isa = PBXBuildFile; fileRef = 7A47166B1E8B47320098DD0B /* RootViewController.swift */; };
		7A47166F1E8B47320098DD0B /* Main.storyboard in Resources */ = {isa = PBXBuildFile; fileRef = 7A47166D1E8B47320098DD0B /* Main.storyboard */; };
		7A4716711E8B47320098DD0B /* Assets.xcassets in Resources */ = {isa = PBXBuildFile; fileRef = 7A4716701E8B47320098DD0B /* Assets.xcassets */; };
		7A4716741E8B47320098DD0B /* LaunchScreen.storyboard in Resources */ = {isa = PBXBuildFile; fileRef = 7A4716721E8B47320098DD0B /* LaunchScreen.storyboard */; };
		7A47168A1E8B47320098DD0B /* MemoiresUITests.swift in Sources */ = {isa = PBXBuildFile; fileRef = 7A4716891E8B47320098DD0B /* MemoiresUITests.swift */; };
		7A71BEA11E90924900431DA8 /* UIColor+MMRAdditions.swift in Sources */ = {isa = PBXBuildFile; fileRef = 7A71BE9F1E90924900431DA8 /* UIColor+MMRAdditions.swift */; };
		7A71BEA21E90924900431DA8 /* UIFont+MMRAdditions.swift in Sources */ = {isa = PBXBuildFile; fileRef = 7A71BEA01E90924900431DA8 /* UIFont+MMRAdditions.swift */; };
		7A71BEA41E9098B800431DA8 /* CommonListViewController.swift in Sources */ = {isa = PBXBuildFile; fileRef = 7A71BEA31E9098B800431DA8 /* CommonListViewController.swift */; };
		7A71BEA71E909CF000431DA8 /* CommonListCell.swift in Sources */ = {isa = PBXBuildFile; fileRef = 7A71BEA61E909CF000431DA8 /* CommonListCell.swift */; };
		7A71BEAA1E909DC200431DA8 /* Repository.swift in Sources */ = {isa = PBXBuildFile; fileRef = 7A71BEA91E909DC200431DA8 /* Repository.swift */; };
		7A71BEB61E91473300431DA8 /* OnboardingController.swift in Sources */ = {isa = PBXBuildFile; fileRef = 7A71BEB51E91473300431DA8 /* OnboardingController.swift */; };
		7A71BEBD1E914DE200431DA8 /* OnboardingSpec.swift in Sources */ = {isa = PBXBuildFile; fileRef = 7A71BEBC1E914DE200431DA8 /* OnboardingSpec.swift */; };
		7A7F13E01ED24D27003000AE /* AutoEquatable.generated.swift in Sources */ = {isa = PBXBuildFile; fileRef = 7A7F13DE1ED24D27003000AE /* AutoEquatable.generated.swift */; };
		7A7F13E11ED24D27003000AE /* AutoSluggable.generated.swift in Sources */ = {isa = PBXBuildFile; fileRef = 7A7F13DF1ED24D27003000AE /* AutoSluggable.generated.swift */; };
		7A7F13F11ED255D8003000AE /* OHHTTPStubs.framework in Frameworks */ = {isa = PBXBuildFile; fileRef = 7A7F13F01ED255D8003000AE /* OHHTTPStubs.framework */; };
		7A7F13F21ED255E5003000AE /* OHHTTPStubs.framework in CopyFiles */ = {isa = PBXBuildFile; fileRef = 7A7F13F01ED255D8003000AE /* OHHTTPStubs.framework */; settings = {ATTRIBUTES = (CodeSignOnCopy, RemoveHeadersOnCopy, ); }; };
		7A7F13F41ED25683003000AE /* fixtures in Resources */ = {isa = PBXBuildFile; fileRef = 7A7F13F31ED25683003000AE /* fixtures */; };
		7A7F13F61ED2856D003000AE /* Sourcery.swift in Sources */ = {isa = PBXBuildFile; fileRef = 7A7F13F51ED2856D003000AE /* Sourcery.swift */; };
		7A96BF191E91B6DF00008694 /* Argo.framework in Embed Frameworks */ = {isa = PBXBuildFile; fileRef = 7A96BF061E91B53500008694 /* Argo.framework */; settings = {ATTRIBUTES = (CodeSignOnCopy, RemoveHeadersOnCopy, ); }; };
		7A96BF1B1E91B6DF00008694 /* Curry.framework in Embed Frameworks */ = {isa = PBXBuildFile; fileRef = 7A96BF071E91B53500008694 /* Curry.framework */; settings = {ATTRIBUTES = (CodeSignOnCopy, RemoveHeadersOnCopy, ); }; };
		7A96BF1D1E91B6DF00008694 /* KeychainSwift.framework in Embed Frameworks */ = {isa = PBXBuildFile; fileRef = 7A96BF081E91B53500008694 /* KeychainSwift.framework */; settings = {ATTRIBUTES = (CodeSignOnCopy, RemoveHeadersOnCopy, ); }; };
		7A96BF1F1E91B6DF00008694 /* ReactiveCocoa.framework in Embed Frameworks */ = {isa = PBXBuildFile; fileRef = 7A96BF091E91B53500008694 /* ReactiveCocoa.framework */; settings = {ATTRIBUTES = (CodeSignOnCopy, RemoveHeadersOnCopy, ); }; };
		7A96BF211E91B6DF00008694 /* ReactiveSwift.framework in Embed Frameworks */ = {isa = PBXBuildFile; fileRef = 7A96BF0A1E91B53500008694 /* ReactiveSwift.framework */; settings = {ATTRIBUTES = (CodeSignOnCopy, RemoveHeadersOnCopy, ); }; };
		7A96BF231E91B6DF00008694 /* Result.framework in Embed Frameworks */ = {isa = PBXBuildFile; fileRef = 7A96BF0B1E91B53500008694 /* Result.framework */; settings = {ATTRIBUTES = (CodeSignOnCopy, RemoveHeadersOnCopy, ); }; };
		7A96BF251E91B6DF00008694 /* Runes.framework in Embed Frameworks */ = {isa = PBXBuildFile; fileRef = 7A96BF0C1E91B53500008694 /* Runes.framework */; settings = {ATTRIBUTES = (CodeSignOnCopy, RemoveHeadersOnCopy, ); }; };
		7A96BF271E91B6DF00008694 /* Tentacle.framework in Embed Frameworks */ = {isa = PBXBuildFile; fileRef = 7A96BF0D1E91B53500008694 /* Tentacle.framework */; settings = {ATTRIBUTES = (CodeSignOnCopy, RemoveHeadersOnCopy, ); }; };
		7A96BF291E91B6DF00008694 /* Yaml.framework in Embed Frameworks */ = {isa = PBXBuildFile; fileRef = 7A96BF0E1E91B53500008694 /* Yaml.framework */; settings = {ATTRIBUTES = (CodeSignOnCopy, RemoveHeadersOnCopy, ); }; };
		7A96BF2A1E91B6DF00008694 /* BuddyBuildSDK.framework in Frameworks */ = {isa = PBXBuildFile; fileRef = 5C7AA41A5AAF9A840AB2ADB8 /* BuddyBuildSDK.framework */; };
		7A96BF2D1E91B73400008694 /* Argo.framework in Frameworks */ = {isa = PBXBuildFile; fileRef = 7A96BF061E91B53500008694 /* Argo.framework */; };
		7A96BF2E1E91B73400008694 /* Curry.framework in Frameworks */ = {isa = PBXBuildFile; fileRef = 7A96BF071E91B53500008694 /* Curry.framework */; };
		7A96BF2F1E91B73400008694 /* KeychainSwift.framework in Frameworks */ = {isa = PBXBuildFile; fileRef = 7A96BF081E91B53500008694 /* KeychainSwift.framework */; };
		7A96BF301E91B73400008694 /* ReactiveCocoa.framework in Frameworks */ = {isa = PBXBuildFile; fileRef = 7A96BF091E91B53500008694 /* ReactiveCocoa.framework */; };
		7A96BF311E91B73400008694 /* ReactiveSwift.framework in Frameworks */ = {isa = PBXBuildFile; fileRef = 7A96BF0A1E91B53500008694 /* ReactiveSwift.framework */; };
		7A96BF321E91B73400008694 /* Result.framework in Frameworks */ = {isa = PBXBuildFile; fileRef = 7A96BF0B1E91B53500008694 /* Result.framework */; };
		7A96BF331E91B73400008694 /* Runes.framework in Frameworks */ = {isa = PBXBuildFile; fileRef = 7A96BF0C1E91B53500008694 /* Runes.framework */; };
		7A96BF341E91B73500008694 /* Tentacle.framework in Frameworks */ = {isa = PBXBuildFile; fileRef = 7A96BF0D1E91B53500008694 /* Tentacle.framework */; };
		7A96BF351E91B73500008694 /* Yaml.framework in Frameworks */ = {isa = PBXBuildFile; fileRef = 7A96BF0E1E91B53500008694 /* Yaml.framework */; };
		7A96BF381E91B80B00008694 /* Nimble.framework in Frameworks */ = {isa = PBXBuildFile; fileRef = 7A96BF361E91B80B00008694 /* Nimble.framework */; };
		7A96BF391E91B80B00008694 /* Quick.framework in Frameworks */ = {isa = PBXBuildFile; fileRef = 7A96BF371E91B80B00008694 /* Quick.framework */; };
		7A96BF3C1E91B81300008694 /* Nimble.framework in CopyFiles */ = {isa = PBXBuildFile; fileRef = 7A96BF3A1E91B81300008694 /* Nimble.framework */; settings = {ATTRIBUTES = (CodeSignOnCopy, RemoveHeadersOnCopy, ); }; };
		7A96BF3D1E91B81300008694 /* Quick.framework in CopyFiles */ = {isa = PBXBuildFile; fileRef = 7A96BF3B1E91B81300008694 /* Quick.framework */; settings = {ATTRIBUTES = (CodeSignOnCopy, RemoveHeadersOnCopy, ); }; };
		7A96BF3E1E91B83D00008694 /* ReactiveSwift.framework in Frameworks */ = {isa = PBXBuildFile; fileRef = 7A96BF0A1E91B53500008694 /* ReactiveSwift.framework */; };
		7A96BF3F1E91B83D00008694 /* Result.framework in Frameworks */ = {isa = PBXBuildFile; fileRef = 7A96BF0B1E91B53500008694 /* Result.framework */; };
		853E78925CF6388957B581C5 /* CoreText.framework in Frameworks */ = {isa = PBXBuildFile; fileRef = 031870A0D443DEA73AB5E3E8 /* CoreText.framework */; };
		B70D5AD1F4130B2758C5890C /* CoreTelephony.framework in Frameworks */ = {isa = PBXBuildFile; fileRef = 91017374F9B96AD6F5C846DB /* CoreTelephony.framework */; };
/* End PBXBuildFile section */

/* Begin PBXContainerItemProxy section */
		7A47167B1E8B47320098DD0B /* PBXContainerItemProxy */ = {
			isa = PBXContainerItemProxy;
			containerPortal = 7A47165E1E8B47320098DD0B /* Project object */;
			proxyType = 1;
			remoteGlobalIDString = 7A4716651E8B47320098DD0B;
			remoteInfo = Memoires;
		};
		7A4716861E8B47320098DD0B /* PBXContainerItemProxy */ = {
			isa = PBXContainerItemProxy;
			containerPortal = 7A47165E1E8B47320098DD0B /* Project object */;
			proxyType = 1;
			remoteGlobalIDString = 7A4716651E8B47320098DD0B;
			remoteInfo = Memoires;
		};
/* End PBXContainerItemProxy section */

/* Begin PBXCopyFilesBuildPhase section */
		7A71BEB91E914D6400431DA8 /* CopyFiles */ = {
			isa = PBXCopyFilesBuildPhase;
			buildActionMask = 2147483647;
			dstPath = "";
			dstSubfolderSpec = 10;
			files = (
				7A7F13F21ED255E5003000AE /* OHHTTPStubs.framework in CopyFiles */,
				7A96BF3C1E91B81300008694 /* Nimble.framework in CopyFiles */,
				7A96BF3D1E91B81300008694 /* Quick.framework in CopyFiles */,
			);
			runOnlyForDeploymentPostprocessing = 0;
		};
		7A96BEFB1E919D7000008694 /* CopyFiles */ = {
			isa = PBXCopyFilesBuildPhase;
			buildActionMask = 2147483647;
			dstPath = "";
			dstSubfolderSpec = 7;
			files = (
			);
			runOnlyForDeploymentPostprocessing = 0;
		};
		7A96BF2C1E91B6DF00008694 /* Embed Frameworks */ = {
			isa = PBXCopyFilesBuildPhase;
			buildActionMask = 2147483647;
			dstPath = "";
			dstSubfolderSpec = 10;
			files = (
				7A96BF1D1E91B6DF00008694 /* KeychainSwift.framework in Embed Frameworks */,
				7A96BF1B1E91B6DF00008694 /* Curry.framework in Embed Frameworks */,
				7A96BF291E91B6DF00008694 /* Yaml.framework in Embed Frameworks */,
				7A96BF211E91B6DF00008694 /* ReactiveSwift.framework in Embed Frameworks */,
				7A96BF231E91B6DF00008694 /* Result.framework in Embed Frameworks */,
				7A96BF191E91B6DF00008694 /* Argo.framework in Embed Frameworks */,
				7A96BF1F1E91B6DF00008694 /* ReactiveCocoa.framework in Embed Frameworks */,
				7A96BF271E91B6DF00008694 /* Tentacle.framework in Embed Frameworks */,
				7A96BF251E91B6DF00008694 /* Runes.framework in Embed Frameworks */,
			);
			name = "Embed Frameworks";
			runOnlyForDeploymentPostprocessing = 0;
		};
/* End PBXCopyFilesBuildPhase section */

/* Begin PBXFileReference section */
		0160ACE2783B383A2996328B /* Bridging-Header.h */ = {isa = PBXFileReference; includeInIndex = 1; lastKnownFileType = sourcecode.c.h; path = "Bridging-Header.h"; sourceTree = "<group>"; };
		031870A0D443DEA73AB5E3E8 /* CoreText.framework */ = {isa = PBXFileReference; lastKnownFileType = wrapper.framework; name = CoreText.framework; path = System/Library/Frameworks/CoreText.framework; sourceTree = SDKROOT; };
		489835B315F82D9D0C618594 /* QuartzCore.framework */ = {isa = PBXFileReference; lastKnownFileType = wrapper.framework; name = QuartzCore.framework; path = System/Library/Frameworks/QuartzCore.framework; sourceTree = SDKROOT; };
		5C7AA41A5AAF9A840AB2ADB8 /* BuddyBuildSDK.framework */ = {isa = PBXFileReference; lastKnownFileType = wrapper.framework; path = BuddyBuildSDK.framework; sourceTree = "<group>"; };
		61B9432C6A718CFAB6002B82 /* SystemConfiguration.framework */ = {isa = PBXFileReference; lastKnownFileType = wrapper.framework; name = SystemConfiguration.framework; path = System/Library/Frameworks/SystemConfiguration.framework; sourceTree = SDKROOT; };
		66B64DF4D0DEA6385D0B7AB1 /* AssetsLibrary.framework */ = {isa = PBXFileReference; lastKnownFileType = wrapper.framework; name = AssetsLibrary.framework; path = System/Library/Frameworks/AssetsLibrary.framework; sourceTree = SDKROOT; };
		6D70187A3528265F1EDA23E9 /* CoreMedia.framework */ = {isa = PBXFileReference; lastKnownFileType = wrapper.framework; name = CoreMedia.framework; path = System/Library/Frameworks/CoreMedia.framework; sourceTree = SDKROOT; };
		6D8AF1E80016001A8B456067 /* CoreVideo.framework */ = {isa = PBXFileReference; lastKnownFileType = wrapper.framework; name = CoreVideo.framework; path = System/Library/Frameworks/CoreVideo.framework; sourceTree = SDKROOT; };
		7A1FB6391E90424C0029DCF4 /* AuthenticationViewController.swift */ = {isa = PBXFileReference; fileEncoding = 4; lastKnownFileType = sourcecode.swift; path = AuthenticationViewController.swift; sourceTree = "<group>"; };
		7A1FB63B1E905A570029DCF4 /* Storyboards.swift */ = {isa = PBXFileReference; fileEncoding = 4; lastKnownFileType = sourcecode.swift; path = Storyboards.swift; sourceTree = "<group>"; };
		7A1FB63C1E905A570029DCF4 /* Assets.swift */ = {isa = PBXFileReference; fileEncoding = 4; lastKnownFileType = sourcecode.swift; path = Assets.swift; sourceTree = "<group>"; };
		7A1FB63F1E905C8F0029DCF4 /* ListViewController.swift */ = {isa = PBXFileReference; fileEncoding = 4; lastKnownFileType = sourcecode.swift; path = ListViewController.swift; sourceTree = "<group>"; };
		7A1FB6421E906D800029DCF4 /* RootView.swift */ = {isa = PBXFileReference; fileEncoding = 4; lastKnownFileType = sourcecode.swift; path = RootView.swift; sourceTree = "<group>"; };
		7A1FB6511E9072B20029DCF4 /* RootViewModel.swift */ = {isa = PBXFileReference; fileEncoding = 4; lastKnownFileType = sourcecode.swift; path = RootViewModel.swift; sourceTree = "<group>"; };
		7A4716661E8B47320098DD0B /* Memoires.app */ = {isa = PBXFileReference; explicitFileType = wrapper.application; includeInIndex = 0; path = Memoires.app; sourceTree = BUILT_PRODUCTS_DIR; };
		7A4716691E8B47320098DD0B /* AppDelegate.swift */ = {isa = PBXFileReference; lastKnownFileType = sourcecode.swift; path = AppDelegate.swift; sourceTree = "<group>"; };
		7A47166B1E8B47320098DD0B /* RootViewController.swift */ = {isa = PBXFileReference; lastKnownFileType = sourcecode.swift; path = RootViewController.swift; sourceTree = "<group>"; };
		7A47166E1E8B47320098DD0B /* Base */ = {isa = PBXFileReference; lastKnownFileType = file.storyboard; name = Base; path = Base.lproj/Main.storyboard; sourceTree = "<group>"; };
		7A4716701E8B47320098DD0B /* Assets.xcassets */ = {isa = PBXFileReference; lastKnownFileType = folder.assetcatalog; path = Assets.xcassets; sourceTree = "<group>"; };
		7A4716731E8B47320098DD0B /* Base */ = {isa = PBXFileReference; lastKnownFileType = file.storyboard; name = Base; path = Base.lproj/LaunchScreen.storyboard; sourceTree = "<group>"; };
		7A4716751E8B47320098DD0B /* Info.plist */ = {isa = PBXFileReference; lastKnownFileType = text.plist.xml; path = Info.plist; sourceTree = "<group>"; };
		7A47167A1E8B47320098DD0B /* MemoiresTests.xctest */ = {isa = PBXFileReference; explicitFileType = wrapper.cfbundle; includeInIndex = 0; path = MemoiresTests.xctest; sourceTree = BUILT_PRODUCTS_DIR; };
		7A4716801E8B47320098DD0B /* Info.plist */ = {isa = PBXFileReference; lastKnownFileType = text.plist.xml; path = Info.plist; sourceTree = "<group>"; };
		7A4716851E8B47320098DD0B /* MemoiresUITests.xctest */ = {isa = PBXFileReference; explicitFileType = wrapper.cfbundle; includeInIndex = 0; path = MemoiresUITests.xctest; sourceTree = BUILT_PRODUCTS_DIR; };
		7A4716891E8B47320098DD0B /* MemoiresUITests.swift */ = {isa = PBXFileReference; lastKnownFileType = sourcecode.swift; path = MemoiresUITests.swift; sourceTree = "<group>"; };
		7A47168B1E8B47320098DD0B /* Info.plist */ = {isa = PBXFileReference; lastKnownFileType = text.plist.xml; path = Info.plist; sourceTree = "<group>"; };
		7A71BE9F1E90924900431DA8 /* UIColor+MMRAdditions.swift */ = {isa = PBXFileReference; fileEncoding = 4; lastKnownFileType = sourcecode.swift; path = "UIColor+MMRAdditions.swift"; sourceTree = "<group>"; };
		7A71BEA01E90924900431DA8 /* UIFont+MMRAdditions.swift */ = {isa = PBXFileReference; fileEncoding = 4; lastKnownFileType = sourcecode.swift; path = "UIFont+MMRAdditions.swift"; sourceTree = "<group>"; };
		7A71BEA31E9098B800431DA8 /* CommonListViewController.swift */ = {isa = PBXFileReference; fileEncoding = 4; lastKnownFileType = sourcecode.swift; path = CommonListViewController.swift; sourceTree = "<group>"; };
		7A71BEA61E909CF000431DA8 /* CommonListCell.swift */ = {isa = PBXFileReference; fileEncoding = 4; lastKnownFileType = sourcecode.swift; path = CommonListCell.swift; sourceTree = "<group>"; };
		7A71BEA91E909DC200431DA8 /* Repository.swift */ = {isa = PBXFileReference; fileEncoding = 4; lastKnownFileType = sourcecode.swift; path = Repository.swift; sourceTree = "<group>"; };
		7A71BEB51E91473300431DA8 /* OnboardingController.swift */ = {isa = PBXFileReference; fileEncoding = 4; lastKnownFileType = sourcecode.swift; path = OnboardingController.swift; sourceTree = "<group>"; };
		7A71BEBC1E914DE200431DA8 /* OnboardingSpec.swift */ = {isa = PBXFileReference; fileEncoding = 4; lastKnownFileType = sourcecode.swift; path = OnboardingSpec.swift; sourceTree = "<group>"; };
		7A7F13DE1ED24D27003000AE /* AutoEquatable.generated.swift */ = {isa = PBXFileReference; fileEncoding = 4; lastKnownFileType = sourcecode.swift; path = AutoEquatable.generated.swift; sourceTree = "<group>"; };
		7A7F13DF1ED24D27003000AE /* AutoSluggable.generated.swift */ = {isa = PBXFileReference; fileEncoding = 4; lastKnownFileType = sourcecode.swift; path = AutoSluggable.generated.swift; sourceTree = "<group>"; };
		7A7F13F01ED255D8003000AE /* OHHTTPStubs.framework */ = {isa = PBXFileReference; lastKnownFileType = wrapper.framework; name = OHHTTPStubs.framework; path = Carthage/Build/iOS/OHHTTPStubs.framework; sourceTree = "<group>"; };
		7A7F13F31ED25683003000AE /* fixtures */ = {isa = PBXFileReference; lastKnownFileType = folder; path = fixtures; sourceTree = "<group>"; };
		7A7F13F51ED2856D003000AE /* Sourcery.swift */ = {isa = PBXFileReference; fileEncoding = 4; lastKnownFileType = sourcecode.swift; path = Sourcery.swift; sourceTree = "<group>"; };
		7A96BF061E91B53500008694 /* Argo.framework */ = {isa = PBXFileReference; lastKnownFileType = wrapper.framework; name = Argo.framework; path = Carthage/Build/iOS/Argo.framework; sourceTree = "<group>"; };
		7A96BF071E91B53500008694 /* Curry.framework */ = {isa = PBXFileReference; lastKnownFileType = wrapper.framework; name = Curry.framework; path = Carthage/Build/iOS/Curry.framework; sourceTree = "<group>"; };
		7A96BF081E91B53500008694 /* KeychainSwift.framework */ = {isa = PBXFileReference; lastKnownFileType = wrapper.framework; name = KeychainSwift.framework; path = Carthage/Build/iOS/KeychainSwift.framework; sourceTree = "<group>"; };
		7A96BF091E91B53500008694 /* ReactiveCocoa.framework */ = {isa = PBXFileReference; lastKnownFileType = wrapper.framework; name = ReactiveCocoa.framework; path = Carthage/Build/iOS/ReactiveCocoa.framework; sourceTree = "<group>"; };
		7A96BF0A1E91B53500008694 /* ReactiveSwift.framework */ = {isa = PBXFileReference; lastKnownFileType = wrapper.framework; name = ReactiveSwift.framework; path = Carthage/Build/iOS/ReactiveSwift.framework; sourceTree = "<group>"; };
		7A96BF0B1E91B53500008694 /* Result.framework */ = {isa = PBXFileReference; lastKnownFileType = wrapper.framework; name = Result.framework; path = Carthage/Build/iOS/Result.framework; sourceTree = "<group>"; };
		7A96BF0C1E91B53500008694 /* Runes.framework */ = {isa = PBXFileReference; lastKnownFileType = wrapper.framework; name = Runes.framework; path = Carthage/Build/iOS/Runes.framework; sourceTree = "<group>"; };
		7A96BF0D1E91B53500008694 /* Tentacle.framework */ = {isa = PBXFileReference; lastKnownFileType = wrapper.framework; name = Tentacle.framework; path = Carthage/Build/iOS/Tentacle.framework; sourceTree = "<group>"; };
		7A96BF0E1E91B53500008694 /* Yaml.framework */ = {isa = PBXFileReference; lastKnownFileType = wrapper.framework; name = Yaml.framework; path = Carthage/Build/iOS/Yaml.framework; sourceTree = "<group>"; };
		7A96BF361E91B80B00008694 /* Nimble.framework */ = {isa = PBXFileReference; lastKnownFileType = wrapper.framework; name = Nimble.framework; path = Carthage/Build/iOS/Nimble.framework; sourceTree = "<group>"; };
		7A96BF371E91B80B00008694 /* Quick.framework */ = {isa = PBXFileReference; lastKnownFileType = wrapper.framework; name = Quick.framework; path = Carthage/Build/iOS/Quick.framework; sourceTree = "<group>"; };
		7A96BF3A1E91B81300008694 /* Nimble.framework */ = {isa = PBXFileReference; lastKnownFileType = wrapper.framework; name = Nimble.framework; path = Carthage/Build/iOS/Nimble.framework; sourceTree = "<group>"; };
		7A96BF3B1E91B81300008694 /* Quick.framework */ = {isa = PBXFileReference; lastKnownFileType = wrapper.framework; name = Quick.framework; path = Carthage/Build/iOS/Quick.framework; sourceTree = "<group>"; };
		91017374F9B96AD6F5C846DB /* CoreTelephony.framework */ = {isa = PBXFileReference; lastKnownFileType = wrapper.framework; name = CoreTelephony.framework; path = System/Library/Frameworks/CoreTelephony.framework; sourceTree = SDKROOT; };
		A2B423A455E87064838183A9 /* AVFoundation.framework */ = {isa = PBXFileReference; lastKnownFileType = wrapper.framework; name = AVFoundation.framework; path = System/Library/Frameworks/AVFoundation.framework; sourceTree = SDKROOT; };
/* End PBXFileReference section */

/* Begin PBXFrameworksBuildPhase section */
		7A4716631E8B47320098DD0B /* Frameworks */ = {
			isa = PBXFrameworksBuildPhase;
			buildActionMask = 2147483647;
			files = (
				7A96BF2D1E91B73400008694 /* Argo.framework in Frameworks */,
				7A96BF2E1E91B73400008694 /* Curry.framework in Frameworks */,
				7A96BF2F1E91B73400008694 /* KeychainSwift.framework in Frameworks */,
				7A96BF301E91B73400008694 /* ReactiveCocoa.framework in Frameworks */,
				7A96BF311E91B73400008694 /* ReactiveSwift.framework in Frameworks */,
				7A96BF321E91B73400008694 /* Result.framework in Frameworks */,
				7A96BF331E91B73400008694 /* Runes.framework in Frameworks */,
				7A96BF341E91B73500008694 /* Tentacle.framework in Frameworks */,
				7A96BF351E91B73500008694 /* Yaml.framework in Frameworks */,
				7A96BF2A1E91B6DF00008694 /* BuddyBuildSDK.framework in Frameworks */,
				48CB9BFE11F0BA2857C55232 /* AssetsLibrary.framework in Frameworks */,
				853E78925CF6388957B581C5 /* CoreText.framework in Frameworks */,
				B70D5AD1F4130B2758C5890C /* CoreTelephony.framework in Frameworks */,
				1FA5CEF7981DACA746D0D31E /* SystemConfiguration.framework in Frameworks */,
				43E5661335FFDB27EA9DBA1E /* QuartzCore.framework in Frameworks */,
				73F0A9972704E3933AE80A36 /* AVFoundation.framework in Frameworks */,
				589DD3C4B7013C38B3DAB2DE /* CoreMedia.framework in Frameworks */,
				07EB61CEA8A9A3DC60C2B8B9 /* CoreVideo.framework in Frameworks */,
			);
			runOnlyForDeploymentPostprocessing = 0;
		};
		7A4716771E8B47320098DD0B /* Frameworks */ = {
			isa = PBXFrameworksBuildPhase;
			buildActionMask = 2147483647;
			files = (
				7A96BF381E91B80B00008694 /* Nimble.framework in Frameworks */,
				7A96BF391E91B80B00008694 /* Quick.framework in Frameworks */,
				7A7F13F11ED255D8003000AE /* OHHTTPStubs.framework in Frameworks */,
				7A96BF3E1E91B83D00008694 /* ReactiveSwift.framework in Frameworks */,
				7A96BF3F1E91B83D00008694 /* Result.framework in Frameworks */,
			);
			runOnlyForDeploymentPostprocessing = 0;
		};
		7A4716821E8B47320098DD0B /* Frameworks */ = {
			isa = PBXFrameworksBuildPhase;
			buildActionMask = 2147483647;
			files = (
			);
			runOnlyForDeploymentPostprocessing = 0;
		};
/* End PBXFrameworksBuildPhase section */

/* Begin PBXGroup section */
		7A1FB6411E905F3D0029DCF4 /* Frameworks */ = {
			isa = PBXGroup;
			children = (
				7A7F13F01ED255D8003000AE /* OHHTTPStubs.framework */,
				7A96BF3A1E91B81300008694 /* Nimble.framework */,
				7A96BF3B1E91B81300008694 /* Quick.framework */,
				7A96BF361E91B80B00008694 /* Nimble.framework */,
				7A96BF371E91B80B00008694 /* Quick.framework */,
				7A96BF061E91B53500008694 /* Argo.framework */,
				7A96BF071E91B53500008694 /* Curry.framework */,
				7A96BF081E91B53500008694 /* KeychainSwift.framework */,
				7A96BF091E91B53500008694 /* ReactiveCocoa.framework */,
				7A96BF0A1E91B53500008694 /* ReactiveSwift.framework */,
				7A96BF0B1E91B53500008694 /* Result.framework */,
				7A96BF0C1E91B53500008694 /* Runes.framework */,
				7A96BF0D1E91B53500008694 /* Tentacle.framework */,
				7A96BF0E1E91B53500008694 /* Yaml.framework */,
				5C7AA41A5AAF9A840AB2ADB8 /* BuddyBuildSDK.framework */,
				66B64DF4D0DEA6385D0B7AB1 /* AssetsLibrary.framework */,
				031870A0D443DEA73AB5E3E8 /* CoreText.framework */,
				91017374F9B96AD6F5C846DB /* CoreTelephony.framework */,
				61B9432C6A718CFAB6002B82 /* SystemConfiguration.framework */,
				489835B315F82D9D0C618594 /* QuartzCore.framework */,
				A2B423A455E87064838183A9 /* AVFoundation.framework */,
				6D70187A3528265F1EDA23E9 /* CoreMedia.framework */,
				6D8AF1E80016001A8B456067 /* CoreVideo.framework */,
			);
			name = Frameworks;
			sourceTree = "<group>";
		};
		7A1FB6501E9072A30029DCF4 /* Root */ = {
			isa = PBXGroup;
			children = (
				7A1FB6421E906D800029DCF4 /* RootView.swift */,
				7A47166B1E8B47320098DD0B /* RootViewController.swift */,
				7A1FB6511E9072B20029DCF4 /* RootViewModel.swift */,
			);
			path = Root;
			sourceTree = "<group>";
		};
		7A47165D1E8B47320098DD0B = {
			isa = PBXGroup;
			children = (
				7A1FB6411E905F3D0029DCF4 /* Frameworks */,
				7A4716681E8B47320098DD0B /* Memoires */,
				7A47167D1E8B47320098DD0B /* MemoiresTests */,
				7A4716881E8B47320098DD0B /* MemoiresUITests */,
				7A4716671E8B47320098DD0B /* Products */,
				0160ACE2783B383A2996328B /* Bridging-Header.h */,
			);
			sourceTree = "<group>";
		};
		7A4716671E8B47320098DD0B /* Products */ = {
			isa = PBXGroup;
			children = (
				7A4716661E8B47320098DD0B /* Memoires.app */,
				7A47167A1E8B47320098DD0B /* MemoiresTests.xctest */,
				7A4716851E8B47320098DD0B /* MemoiresUITests.xctest */,
			);
			name = Products;
			sourceTree = "<group>";
		};
		7A4716681E8B47320098DD0B /* Memoires */ = {
			isa = PBXGroup;
			children = (
				7A71BEA51E909CBC00431DA8 /* Assets */,
				7A71BEA81E909D2B00431DA8 /* Common */,
				7A7F13DD1ED24D1D003000AE /* Generated */,
				7A1FB6501E9072A30029DCF4 /* Root */,
				7A71BEAB1E909F5800431DA8 /* Stylesheets */,
				7A4716691E8B47320098DD0B /* AppDelegate.swift */,
				7A1FB6391E90424C0029DCF4 /* AuthenticationViewController.swift */,
				7A4716751E8B47320098DD0B /* Info.plist */,
				7A1FB63F1E905C8F0029DCF4 /* ListViewController.swift */,
				7A71BEB51E91473300431DA8 /* OnboardingController.swift */,
				7A71BEA91E909DC200431DA8 /* Repository.swift */,
				7A7F13F51ED2856D003000AE /* Sourcery.swift */,
			);
			path = Memoires;
			sourceTree = "<group>";
		};
		7A47167D1E8B47320098DD0B /* MemoiresTests */ = {
			isa = PBXGroup;
			children = (
				7A4716801E8B47320098DD0B /* Info.plist */,
				7A71BEBC1E914DE200431DA8 /* OnboardingSpec.swift */,
				7A7F13F31ED25683003000AE /* fixtures */,
			);
			path = MemoiresTests;
			sourceTree = "<group>";
		};
		7A4716881E8B47320098DD0B /* MemoiresUITests */ = {
			isa = PBXGroup;
			children = (
				7A47168B1E8B47320098DD0B /* Info.plist */,
				7A4716891E8B47320098DD0B /* MemoiresUITests.swift */,
			);
			path = MemoiresUITests;
			sourceTree = "<group>";
		};
		7A71BEA51E909CBC00431DA8 /* Assets */ = {
			isa = PBXGroup;
			children = (
				7A4716701E8B47320098DD0B /* Assets.xcassets */,
				7A4716721E8B47320098DD0B /* LaunchScreen.storyboard */,
				7A47166D1E8B47320098DD0B /* Main.storyboard */,
			);
			path = Assets;
			sourceTree = "<group>";
		};
		7A71BEA81E909D2B00431DA8 /* Common */ = {
			isa = PBXGroup;
			children = (
				7A71BEA61E909CF000431DA8 /* CommonListCell.swift */,
				7A71BEA31E9098B800431DA8 /* CommonListViewController.swift */,
			);
			path = Common;
			sourceTree = "<group>";
		};
		7A71BEAB1E909F5800431DA8 /* Stylesheets */ = {
			isa = PBXGroup;
			children = (
				7A71BE9F1E90924900431DA8 /* UIColor+MMRAdditions.swift */,
				7A71BEA01E90924900431DA8 /* UIFont+MMRAdditions.swift */,
			);
			path = Stylesheets;
			sourceTree = "<group>";
		};
		7A7F13DD1ED24D1D003000AE /* Generated */ = {
			isa = PBXGroup;
			children = (
				7A1FB63C1E905A570029DCF4 /* Assets.swift */,
				7A7F13DE1ED24D27003000AE /* AutoEquatable.generated.swift */,
				7A7F13DF1ED24D27003000AE /* AutoSluggable.generated.swift */,
				7A1FB63B1E905A570029DCF4 /* Storyboards.swift */,
			);
			path = Generated;
			sourceTree = "<group>";
		};
/* End PBXGroup section */

/* Begin PBXNativeTarget section */
		7A4716651E8B47320098DD0B /* Memoires */ = {
			isa = PBXNativeTarget;
			buildConfigurationList = 7A47168E1E8B47320098DD0B /* Build configuration list for PBXNativeTarget "Memoires" */;
			buildPhases = (
				7A4716621E8B47320098DD0B /* Sources */,
				7A4716631E8B47320098DD0B /* Frameworks */,
				7A4716641E8B47320098DD0B /* Resources */,
				7A96BEFB1E919D7000008694 /* CopyFiles */,
				7A96BEFC1E919D8000008694 /* ShellScript */,
				7A96BF2C1E91B6DF00008694 /* Embed Frameworks */,
			);
			buildRules = (
			);
			dependencies = (
			);
			name = Memoires;
			productName = Memoires;
			productReference = 7A4716661E8B47320098DD0B /* Memoires.app */;
			productType = "com.apple.product-type.application";
		};
		7A4716791E8B47320098DD0B /* MemoiresTests */ = {
			isa = PBXNativeTarget;
			buildConfigurationList = 7A4716911E8B47320098DD0B /* Build configuration list for PBXNativeTarget "MemoiresTests" */;
			buildPhases = (
				7A4716761E8B47320098DD0B /* Sources */,
				7A4716771E8B47320098DD0B /* Frameworks */,
				7A4716781E8B47320098DD0B /* Resources */,
				7A71BEB91E914D6400431DA8 /* CopyFiles */,
			);
			buildRules = (
			);
			dependencies = (
				7A47167C1E8B47320098DD0B /* PBXTargetDependency */,
			);
			name = MemoiresTests;
			productName = MemoiresTests;
			productReference = 7A47167A1E8B47320098DD0B /* MemoiresTests.xctest */;
			productType = "com.apple.product-type.bundle.unit-test";
		};
		7A4716841E8B47320098DD0B /* MemoiresUITests */ = {
			isa = PBXNativeTarget;
			buildConfigurationList = 7A4716941E8B47320098DD0B /* Build configuration list for PBXNativeTarget "MemoiresUITests" */;
			buildPhases = (
				7A4716811E8B47320098DD0B /* Sources */,
				7A4716821E8B47320098DD0B /* Frameworks */,
				7A4716831E8B47320098DD0B /* Resources */,
			);
			buildRules = (
			);
			dependencies = (
				7A4716871E8B47320098DD0B /* PBXTargetDependency */,
			);
			name = MemoiresUITests;
			productName = MemoiresUITests;
			productReference = 7A4716851E8B47320098DD0B /* MemoiresUITests.xctest */;
			productType = "com.apple.product-type.bundle.ui-testing";
		};
/* End PBXNativeTarget section */

/* Begin PBXProject section */
		7A47165E1E8B47320098DD0B /* Project object */ = {
			isa = PBXProject;
			attributes = {
				LastSwiftUpdateCheck = 0830;
				LastUpgradeCheck = 0830;
				ORGANIZATIONNAME = "Perfectly-Cooked";
				TargetAttributes = {
					7A4716651E8B47320098DD0B = {
						CreatedOnToolsVersion = 8.3;
						DevelopmentTeam = 8VS9JKFDZS;
						LastSwiftMigration = 0900;
						ProvisioningStyle = Automatic;
					};
					7A4716791E8B47320098DD0B = {
						CreatedOnToolsVersion = 8.3;
						DevelopmentTeam = 8VS9JKFDZS;
						LastSwiftMigration = 0900;
						ProvisioningStyle = Automatic;
						TestTargetID = 7A4716651E8B47320098DD0B;
					};
					7A4716841E8B47320098DD0B = {
						CreatedOnToolsVersion = 8.3;
						DevelopmentTeam = 8VS9JKFDZS;
						ProvisioningStyle = Automatic;
						TestTargetID = 7A4716651E8B47320098DD0B;
					};
				};
			};
			buildConfigurationList = 7A4716611E8B47320098DD0B /* Build configuration list for PBXProject "Memoires" */;
			compatibilityVersion = "Xcode 3.2";
			developmentRegion = English;
			hasScannedForEncodings = 0;
			knownRegions = (
				en,
				Base,
			);
			mainGroup = 7A47165D1E8B47320098DD0B;
			productRefGroup = 7A4716671E8B47320098DD0B /* Products */;
			projectDirPath = "";
			projectRoot = "";
			targets = (
				7A4716651E8B47320098DD0B /* Memoires */,
				7A4716791E8B47320098DD0B /* MemoiresTests */,
				7A4716841E8B47320098DD0B /* MemoiresUITests */,
			);
		};
/* End PBXProject section */

/* Begin PBXResourcesBuildPhase section */
		7A4716641E8B47320098DD0B /* Resources */ = {
			isa = PBXResourcesBuildPhase;
			buildActionMask = 2147483647;
			files = (
				7A4716741E8B47320098DD0B /* LaunchScreen.storyboard in Resources */,
				7A4716711E8B47320098DD0B /* Assets.xcassets in Resources */,
				7A47166F1E8B47320098DD0B /* Main.storyboard in Resources */,
			);
			runOnlyForDeploymentPostprocessing = 0;
		};
		7A4716781E8B47320098DD0B /* Resources */ = {
			isa = PBXResourcesBuildPhase;
			buildActionMask = 2147483647;
			files = (
				7A7F13F41ED25683003000AE /* fixtures in Resources */,
			);
			runOnlyForDeploymentPostprocessing = 0;
		};
		7A4716831E8B47320098DD0B /* Resources */ = {
			isa = PBXResourcesBuildPhase;
			buildActionMask = 2147483647;
			files = (
			);
			runOnlyForDeploymentPostprocessing = 0;
		};
/* End PBXResourcesBuildPhase section */

/* Begin PBXShellScriptBuildPhase section */
		7A96BEFC1E919D8000008694 /* ShellScript */ = {
			isa = PBXShellScriptBuildPhase;
			buildActionMask = 2147483647;
			files = (
			);
			inputPaths = (
			);
			outputPaths = (
				"$(SRCROOT)/Carthage/Build/iOS/Argo.framework",
				"$(SRCROOT)/Carthage/Build/iOS/Curry.framework",
				"$(SRCROOT)/Carthage/Build/iOS/KeychainSwift.framework",
				"$(SRCROOT)/Carthage/Build/iOS/ReactiveCocoa.framework",
				"$(SRCROOT)/Carthage/Build/iOS/ReactiveSwift.framework",
				"$(SRCROOT)/Carthage/Build/iOS/Result.framework",
				"$(SRCROOT)/Carthage/Build/iOS/Runes.framework",
				"$(SRCROOT)/Carthage/Build/iOS/Tentacle.framework",
				"$(SRCROOT)/Carthage/Build/iOS/Yaml.framework",
			);
			runOnlyForDeploymentPostprocessing = 0;
			shellPath = /bin/sh;
			shellScript = "/usr/local/bin/carthage copy-frameworks";
		};
/* End PBXShellScriptBuildPhase section */

/* Begin PBXSourcesBuildPhase section */
		7A4716621E8B47320098DD0B /* Sources */ = {
			isa = PBXSourcesBuildPhase;
			buildActionMask = 2147483647;
			files = (
				7A7F13E01ED24D27003000AE /* AutoEquatable.generated.swift in Sources */,
				7A71BEA11E90924900431DA8 /* UIColor+MMRAdditions.swift in Sources */,
				7A1FB63D1E905A570029DCF4 /* Storyboards.swift in Sources */,
				7A47166C1E8B47320098DD0B /* RootViewController.swift in Sources */,
				7A7F13E11ED24D27003000AE /* AutoSluggable.generated.swift in Sources */,
				7A71BEAA1E909DC200431DA8 /* Repository.swift in Sources */,
				7A1FB6401E905C8F0029DCF4 /* ListViewController.swift in Sources */,
				7A1FB63A1E90424C0029DCF4 /* AuthenticationViewController.swift in Sources */,
				7A1FB6431E906D800029DCF4 /* RootView.swift in Sources */,
				7A71BEA41E9098B800431DA8 /* CommonListViewController.swift in Sources */,
				7A1FB63E1E905A570029DCF4 /* Assets.swift in Sources */,
				7A71BEA71E909CF000431DA8 /* CommonListCell.swift in Sources */,
				7A71BEB61E91473300431DA8 /* OnboardingController.swift in Sources */,
				7A71BEA21E90924900431DA8 /* UIFont+MMRAdditions.swift in Sources */,
				7A7F13F61ED2856D003000AE /* Sourcery.swift in Sources */,
				7A1FB6521E9072B20029DCF4 /* RootViewModel.swift in Sources */,
				7A47166A1E8B47320098DD0B /* AppDelegate.swift in Sources */,
			);
			runOnlyForDeploymentPostprocessing = 0;
		};
		7A4716761E8B47320098DD0B /* Sources */ = {
			isa = PBXSourcesBuildPhase;
			buildActionMask = 2147483647;
			files = (
				7A71BEBD1E914DE200431DA8 /* OnboardingSpec.swift in Sources */,
			);
			runOnlyForDeploymentPostprocessing = 0;
		};
		7A4716811E8B47320098DD0B /* Sources */ = {
			isa = PBXSourcesBuildPhase;
			buildActionMask = 2147483647;
			files = (
				7A47168A1E8B47320098DD0B /* MemoiresUITests.swift in Sources */,
			);
			runOnlyForDeploymentPostprocessing = 0;
		};
/* End PBXSourcesBuildPhase section */

/* Begin PBXTargetDependency section */
		7A47167C1E8B47320098DD0B /* PBXTargetDependency */ = {
			isa = PBXTargetDependency;
			target = 7A4716651E8B47320098DD0B /* Memoires */;
			targetProxy = 7A47167B1E8B47320098DD0B /* PBXContainerItemProxy */;
		};
		7A4716871E8B47320098DD0B /* PBXTargetDependency */ = {
			isa = PBXTargetDependency;
			target = 7A4716651E8B47320098DD0B /* Memoires */;
			targetProxy = 7A4716861E8B47320098DD0B /* PBXContainerItemProxy */;
		};
/* End PBXTargetDependency section */

/* Begin PBXVariantGroup section */
		7A47166D1E8B47320098DD0B /* Main.storyboard */ = {
			isa = PBXVariantGroup;
			children = (
				7A47166E1E8B47320098DD0B /* Base */,
			);
			name = Main.storyboard;
			path = .;
			sourceTree = "<group>";
		};
		7A4716721E8B47320098DD0B /* LaunchScreen.storyboard */ = {
			isa = PBXVariantGroup;
			children = (
				7A4716731E8B47320098DD0B /* Base */,
			);
			name = LaunchScreen.storyboard;
			path = .;
			sourceTree = "<group>";
		};
/* End PBXVariantGroup section */

/* Begin XCBuildConfiguration section */
		7A47168C1E8B47320098DD0B /* Debug */ = {
			isa = XCBuildConfiguration;
			buildSettings = {
				ALWAYS_SEARCH_USER_PATHS = NO;
				CLANG_ANALYZER_NONNULL = YES;
				CLANG_ANALYZER_NUMBER_OBJECT_CONVERSION = YES_AGGRESSIVE;
				CLANG_CXX_LANGUAGE_STANDARD = "gnu++0x";
				CLANG_CXX_LIBRARY = "libc++";
				CLANG_ENABLE_MODULES = YES;
				CLANG_ENABLE_OBJC_ARC = YES;
				CLANG_WARN_BOOL_CONVERSION = YES;
				CLANG_WARN_CONSTANT_CONVERSION = YES;
				CLANG_WARN_DIRECT_OBJC_ISA_USAGE = YES_ERROR;
				CLANG_WARN_DOCUMENTATION_COMMENTS = YES;
				CLANG_WARN_EMPTY_BODY = YES;
				CLANG_WARN_ENUM_CONVERSION = YES;
				CLANG_WARN_INFINITE_RECURSION = YES;
				CLANG_WARN_INT_CONVERSION = YES;
				CLANG_WARN_OBJC_ROOT_CLASS = YES_ERROR;
				CLANG_WARN_SUSPICIOUS_MOVE = YES;
				CLANG_WARN_UNREACHABLE_CODE = YES;
				CLANG_WARN__DUPLICATE_METHOD_MATCH = YES;
				"CODE_SIGN_IDENTITY[sdk=iphoneos*]" = "iPhone Developer";
				COPY_PHASE_STRIP = NO;
				DEBUG_INFORMATION_FORMAT = dwarf;
				ENABLE_STRICT_OBJC_MSGSEND = YES;
				ENABLE_TESTABILITY = YES;
				GCC_C_LANGUAGE_STANDARD = gnu99;
				GCC_DYNAMIC_NO_PIC = NO;
				GCC_NO_COMMON_BLOCKS = YES;
				GCC_OPTIMIZATION_LEVEL = 0;
				GCC_PREPROCESSOR_DEFINITIONS = (
					"DEBUG=1",
					"$(inherited)",
				);
				GCC_WARN_64_TO_32_BIT_CONVERSION = YES;
				GCC_WARN_ABOUT_RETURN_TYPE = YES_ERROR;
				GCC_WARN_UNDECLARED_SELECTOR = YES;
				GCC_WARN_UNINITIALIZED_AUTOS = YES_AGGRESSIVE;
				GCC_WARN_UNUSED_FUNCTION = YES;
				GCC_WARN_UNUSED_VARIABLE = YES;
				IPHONEOS_DEPLOYMENT_TARGET = 10.3;
				MTL_ENABLE_DEBUG_INFO = YES;
				ONLY_ACTIVE_ARCH = YES;
				SDKROOT = iphoneos;
				SWIFT_ACTIVE_COMPILATION_CONDITIONS = DEBUG;
				SWIFT_OPTIMIZATION_LEVEL = "-Onone";
				TARGETED_DEVICE_FAMILY = "1,2";
			};
			name = Debug;
		};
		7A47168D1E8B47320098DD0B /* Release */ = {
			isa = XCBuildConfiguration;
			buildSettings = {
				ALWAYS_SEARCH_USER_PATHS = NO;
				CLANG_ANALYZER_NONNULL = YES;
				CLANG_ANALYZER_NUMBER_OBJECT_CONVERSION = YES_AGGRESSIVE;
				CLANG_CXX_LANGUAGE_STANDARD = "gnu++0x";
				CLANG_CXX_LIBRARY = "libc++";
				CLANG_ENABLE_MODULES = YES;
				CLANG_ENABLE_OBJC_ARC = YES;
				CLANG_WARN_BOOL_CONVERSION = YES;
				CLANG_WARN_CONSTANT_CONVERSION = YES;
				CLANG_WARN_DIRECT_OBJC_ISA_USAGE = YES_ERROR;
				CLANG_WARN_DOCUMENTATION_COMMENTS = YES;
				CLANG_WARN_EMPTY_BODY = YES;
				CLANG_WARN_ENUM_CONVERSION = YES;
				CLANG_WARN_INFINITE_RECURSION = YES;
				CLANG_WARN_INT_CONVERSION = YES;
				CLANG_WARN_OBJC_ROOT_CLASS = YES_ERROR;
				CLANG_WARN_SUSPICIOUS_MOVE = YES;
				CLANG_WARN_UNREACHABLE_CODE = YES;
				CLANG_WARN__DUPLICATE_METHOD_MATCH = YES;
				"CODE_SIGN_IDENTITY[sdk=iphoneos*]" = "iPhone Developer";
				COPY_PHASE_STRIP = NO;
				DEBUG_INFORMATION_FORMAT = "dwarf-with-dsym";
				ENABLE_NS_ASSERTIONS = NO;
				ENABLE_STRICT_OBJC_MSGSEND = YES;
				GCC_C_LANGUAGE_STANDARD = gnu99;
				GCC_NO_COMMON_BLOCKS = YES;
				GCC_WARN_64_TO_32_BIT_CONVERSION = YES;
				GCC_WARN_ABOUT_RETURN_TYPE = YES_ERROR;
				GCC_WARN_UNDECLARED_SELECTOR = YES;
				GCC_WARN_UNINITIALIZED_AUTOS = YES_AGGRESSIVE;
				GCC_WARN_UNUSED_FUNCTION = YES;
				GCC_WARN_UNUSED_VARIABLE = YES;
				IPHONEOS_DEPLOYMENT_TARGET = 10.3;
				MTL_ENABLE_DEBUG_INFO = NO;
				SDKROOT = iphoneos;
				SWIFT_OPTIMIZATION_LEVEL = "-Owholemodule";
				TARGETED_DEVICE_FAMILY = "1,2";
				VALIDATE_PRODUCT = YES;
			};
			name = Release;
		};
		7A47168F1E8B47320098DD0B /* Debug */ = {
			isa = XCBuildConfiguration;
			buildSettings = {
				ASSETCATALOG_COMPILER_APPICON_NAME = AppIcon;
				DEVELOPMENT_TEAM = 8VS9JKFDZS;
				FRAMEWORK_SEARCH_PATHS = (
					"$(inherited)",
					"$(PROJECT_DIR)/Carthage/Build/iOS",
					"$(PROJECT_DIR)",
				);
				INFOPLIST_FILE = Memoires/Info.plist;
				LD_RUNPATH_SEARCH_PATHS = "$(inherited) @executable_path/Frameworks";
				PRODUCT_BUNDLE_IDENTIFIER = "com.perfectly-cooked.app.Memoires";
				PRODUCT_NAME = "$(TARGET_NAME)";
				SWIFT_OBJC_BRIDGING_HEADER = "Bridging-Header.h";
				SWIFT_SWIFT3_OBJC_INFERENCE = On;
				SWIFT_VERSION = 4.0;
			};
			name = Debug;
		};
		7A4716901E8B47320098DD0B /* Release */ = {
			isa = XCBuildConfiguration;
			buildSettings = {
				ASSETCATALOG_COMPILER_APPICON_NAME = AppIcon;
				DEVELOPMENT_TEAM = 8VS9JKFDZS;
				FRAMEWORK_SEARCH_PATHS = (
					"$(inherited)",
					"$(PROJECT_DIR)/Carthage/Build/iOS",
					"$(PROJECT_DIR)",
				);
				INFOPLIST_FILE = Memoires/Info.plist;
				LD_RUNPATH_SEARCH_PATHS = "$(inherited) @executable_path/Frameworks";
				PRODUCT_BUNDLE_IDENTIFIER = "com.perfectly-cooked.app.Memoires";
				PRODUCT_NAME = "$(TARGET_NAME)";
				SWIFT_OBJC_BRIDGING_HEADER = "Bridging-Header.h";
				SWIFT_SWIFT3_OBJC_INFERENCE = On;
				SWIFT_VERSION = 4.0;
			};
			name = Release;
		};
		7A4716921E8B47320098DD0B /* Debug */ = {
			isa = XCBuildConfiguration;
			buildSettings = {
				ALWAYS_EMBED_SWIFT_STANDARD_LIBRARIES = YES;
				BUNDLE_LOADER = "$(TEST_HOST)";
				DEVELOPMENT_TEAM = 8VS9JKFDZS;
				FRAMEWORK_SEARCH_PATHS = (
					"$(inherited)",
					"$(PROJECT_DIR)/Carthage/Build/iOS",
				);
				INFOPLIST_FILE = MemoiresTests/Info.plist;
				LD_RUNPATH_SEARCH_PATHS = "$(inherited) @executable_path/Frameworks @loader_path/Frameworks";
				PRODUCT_BUNDLE_IDENTIFIER = "com.perfectly-cooked.MemoiresTests";
				PRODUCT_NAME = "$(TARGET_NAME)";
				SWIFT_SWIFT3_OBJC_INFERENCE = On;
				SWIFT_VERSION = 4.0;
				TEST_HOST = "$(BUILT_PRODUCTS_DIR)/Memoires.app/Memoires";
			};
			name = Debug;
		};
		7A4716931E8B47320098DD0B /* Release */ = {
			isa = XCBuildConfiguration;
			buildSettings = {
				ALWAYS_EMBED_SWIFT_STANDARD_LIBRARIES = YES;
				BUNDLE_LOADER = "$(TEST_HOST)";
				DEVELOPMENT_TEAM = 8VS9JKFDZS;
				FRAMEWORK_SEARCH_PATHS = (
					"$(inherited)",
					"$(PROJECT_DIR)/Carthage/Build/iOS",
				);
				INFOPLIST_FILE = MemoiresTests/Info.plist;
				LD_RUNPATH_SEARCH_PATHS = "$(inherited) @executable_path/Frameworks @loader_path/Frameworks";
				PRODUCT_BUNDLE_IDENTIFIER = "com.perfectly-cooked.MemoiresTests";
				PRODUCT_NAME = "$(TARGET_NAME)";
				SWIFT_SWIFT3_OBJC_INFERENCE = On;
				SWIFT_VERSION = 4.0;
				TEST_HOST = "$(BUILT_PRODUCTS_DIR)/Memoires.app/Memoires";
			};
			name = Release;
		};
		7A4716951E8B47320098DD0B /* Debug */ = {
			isa = XCBuildConfiguration;
			buildSettings = {
				ALWAYS_EMBED_SWIFT_STANDARD_LIBRARIES = YES;
				DEVELOPMENT_TEAM = 8VS9JKFDZS;
				INFOPLIST_FILE = MemoiresUITests/Info.plist;
				LD_RUNPATH_SEARCH_PATHS = "$(inherited) @executable_path/Frameworks @loader_path/Frameworks";
				PRODUCT_BUNDLE_IDENTIFIER = "com.perfectly-cooked.MemoiresUITests";
				PRODUCT_NAME = "$(TARGET_NAME)";
				SWIFT_VERSION = 3.0;
				TEST_TARGET_NAME = Memoires;
			};
			name = Debug;
		};
		7A4716961E8B47320098DD0B /* Release */ = {
			isa = XCBuildConfiguration;
			buildSettings = {
				ALWAYS_EMBED_SWIFT_STANDARD_LIBRARIES = YES;
				DEVELOPMENT_TEAM = 8VS9JKFDZS;
				INFOPLIST_FILE = MemoiresUITests/Info.plist;
				LD_RUNPATH_SEARCH_PATHS = "$(inherited) @executable_path/Frameworks @loader_path/Frameworks";
				PRODUCT_BUNDLE_IDENTIFIER = "com.perfectly-cooked.MemoiresUITests";
				PRODUCT_NAME = "$(TARGET_NAME)";
				SWIFT_VERSION = 3.0;
				TEST_TARGET_NAME = Memoires;
			};
			name = Release;
		};
/* End XCBuildConfiguration section */

/* Begin XCConfigurationList section */
		7A4716611E8B47320098DD0B /* Build configuration list for PBXProject "Memoires" */ = {
			isa = XCConfigurationList;
			buildConfigurations = (
				7A47168C1E8B47320098DD0B /* Debug */,
				7A47168D1E8B47320098DD0B /* Release */,
			);
			defaultConfigurationIsVisible = 0;
			defaultConfigurationName = Release;
		};
		7A47168E1E8B47320098DD0B /* Build configuration list for PBXNativeTarget "Memoires" */ = {
			isa = XCConfigurationList;
			buildConfigurations = (
				7A47168F1E8B47320098DD0B /* Debug */,
				7A4716901E8B47320098DD0B /* Release */,
			);
			defaultConfigurationIsVisible = 0;
			defaultConfigurationName = Release;
		};
		7A4716911E8B47320098DD0B /* Build configuration list for PBXNativeTarget "MemoiresTests" */ = {
			isa = XCConfigurationList;
			buildConfigurations = (
				7A4716921E8B47320098DD0B /* Debug */,
				7A4716931E8B47320098DD0B /* Release */,
			);
			defaultConfigurationIsVisible = 0;
			defaultConfigurationName = Release;
		};
		7A4716941E8B47320098DD0B /* Build configuration list for PBXNativeTarget "MemoiresUITests" */ = {
			isa = XCConfigurationList;
			buildConfigurations = (
				7A4716951E8B47320098DD0B /* Debug */,
				7A4716961E8B47320098DD0B /* Release */,
			);
			defaultConfigurationIsVisible = 0;
			defaultConfigurationName = Release;
		};
/* End XCConfigurationList section */
	};
	rootObject = 7A47165E1E8B47320098DD0B /* Project object */;
}
