// !$*UTF8*$!
{
	archiveVersion = 1;
	classes = {
	};
	objectVersion = 46;
	objects = {

/* Begin PBXBuildFile section */
		7A1FB63A1E90424C0029DCF4 /* AuthenticationViewController.swift in Sources */ = {isa = PBXBuildFile; fileRef = 7A1FB6391E90424C0029DCF4 /* AuthenticationViewController.swift */; };
		7A1FB63D1E905A570029DCF4 /* Storyboards.swift in Sources */ = {isa = PBXBuildFile; fileRef = 7A1FB63B1E905A570029DCF4 /* Storyboards.swift */; };
		7A1FB63E1E905A570029DCF4 /* Assets.swift in Sources */ = {isa = PBXBuildFile; fileRef = 7A1FB63C1E905A570029DCF4 /* Assets.swift */; };
		7A1FB6401E905C8F0029DCF4 /* ListViewController.swift in Sources */ = {isa = PBXBuildFile; fileRef = 7A1FB63F1E905C8F0029DCF4 /* ListViewController.swift */; };
		7A1FB6431E906D800029DCF4 /* RootView.swift in Sources */ = {isa = PBXBuildFile; fileRef = 7A1FB6421E906D800029DCF4 /* RootView.swift */; };
		7A1FB6521E9072B20029DCF4 /* RootViewModel.swift in Sources */ = {isa = PBXBuildFile; fileRef = 7A1FB6511E9072B20029DCF4 /* RootViewModel.swift */; };
		7A47166A1E8B47320098DD0B /* AppDelegate.swift in Sources */ = {isa = PBXBuildFile; fileRef = 7A4716691E8B47320098DD0B /* AppDelegate.swift */; };
		7A47166C1E8B47320098DD0B /* RootViewController.swift in Sources */ = {isa = PBXBuildFile; fileRef = 7A47166B1E8B47320098DD0B /* RootViewController.swift */; };
		7A47166F1E8B47320098DD0B /* Main.storyboard in Resources */ = {isa = PBXBuildFile; fileRef = 7A47166D1E8B47320098DD0B /* Main.storyboard */; };
		7A4716711E8B47320098DD0B /* Assets.xcassets in Resources */ = {isa = PBXBuildFile; fileRef = 7A4716701E8B47320098DD0B /* Assets.xcassets */; };
		7A4716741E8B47320098DD0B /* LaunchScreen.storyboard in Resources */ = {isa = PBXBuildFile; fileRef = 7A4716721E8B47320098DD0B /* LaunchScreen.storyboard */; };
		7A47167F1E8B47320098DD0B /* MemoiresTests.swift in Sources */ = {isa = PBXBuildFile; fileRef = 7A47167E1E8B47320098DD0B /* MemoiresTests.swift */; };
		7A47168A1E8B47320098DD0B /* MemoiresUITests.swift in Sources */ = {isa = PBXBuildFile; fileRef = 7A4716891E8B47320098DD0B /* MemoiresUITests.swift */; };
		7A71BEA11E90924900431DA8 /* UIColor+MMRAdditions.swift in Sources */ = {isa = PBXBuildFile; fileRef = 7A71BE9F1E90924900431DA8 /* UIColor+MMRAdditions.swift */; };
		7A71BEA21E90924900431DA8 /* UIFont+MMRAdditions.swift in Sources */ = {isa = PBXBuildFile; fileRef = 7A71BEA01E90924900431DA8 /* UIFont+MMRAdditions.swift */; };
		7AE0791B1E8C7CAC005F1C5A /* Argo.framework in Frameworks */ = {isa = PBXBuildFile; fileRef = 7AE079101E8C7CAC005F1C5A /* Argo.framework */; };
		7AE0791C1E8C7CAC005F1C5A /* Argo.framework in Embed Frameworks */ = {isa = PBXBuildFile; fileRef = 7AE079101E8C7CAC005F1C5A /* Argo.framework */; settings = {ATTRIBUTES = (CodeSignOnCopy, RemoveHeadersOnCopy, ); }; };
		7AE0791D1E8C7CAC005F1C5A /* Curry.framework in Frameworks */ = {isa = PBXBuildFile; fileRef = 7AE079111E8C7CAC005F1C5A /* Curry.framework */; };
		7AE0791E1E8C7CAC005F1C5A /* Curry.framework in Embed Frameworks */ = {isa = PBXBuildFile; fileRef = 7AE079111E8C7CAC005F1C5A /* Curry.framework */; settings = {ATTRIBUTES = (CodeSignOnCopy, RemoveHeadersOnCopy, ); }; };
		7AE0791F1E8C7CAC005F1C5A /* KeychainSwift.framework in Frameworks */ = {isa = PBXBuildFile; fileRef = 7AE079121E8C7CAC005F1C5A /* KeychainSwift.framework */; };
		7AE079201E8C7CAC005F1C5A /* KeychainSwift.framework in Embed Frameworks */ = {isa = PBXBuildFile; fileRef = 7AE079121E8C7CAC005F1C5A /* KeychainSwift.framework */; settings = {ATTRIBUTES = (CodeSignOnCopy, RemoveHeadersOnCopy, ); }; };
		7AE079251E8C7CAC005F1C5A /* ReactiveCocoa.framework in Frameworks */ = {isa = PBXBuildFile; fileRef = 7AE079151E8C7CAC005F1C5A /* ReactiveCocoa.framework */; };
		7AE079261E8C7CAC005F1C5A /* ReactiveCocoa.framework in Embed Frameworks */ = {isa = PBXBuildFile; fileRef = 7AE079151E8C7CAC005F1C5A /* ReactiveCocoa.framework */; settings = {ATTRIBUTES = (CodeSignOnCopy, RemoveHeadersOnCopy, ); }; };
		7AE079271E8C7CAC005F1C5A /* ReactiveSwift.framework in Frameworks */ = {isa = PBXBuildFile; fileRef = 7AE079161E8C7CAC005F1C5A /* ReactiveSwift.framework */; };
		7AE079281E8C7CAC005F1C5A /* ReactiveSwift.framework in Embed Frameworks */ = {isa = PBXBuildFile; fileRef = 7AE079161E8C7CAC005F1C5A /* ReactiveSwift.framework */; settings = {ATTRIBUTES = (CodeSignOnCopy, RemoveHeadersOnCopy, ); }; };
		7AE079291E8C7CAC005F1C5A /* Result.framework in Frameworks */ = {isa = PBXBuildFile; fileRef = 7AE079171E8C7CAC005F1C5A /* Result.framework */; };
		7AE0792A1E8C7CAC005F1C5A /* Result.framework in Embed Frameworks */ = {isa = PBXBuildFile; fileRef = 7AE079171E8C7CAC005F1C5A /* Result.framework */; settings = {ATTRIBUTES = (CodeSignOnCopy, RemoveHeadersOnCopy, ); }; };
		7AE0792B1E8C7CAC005F1C5A /* Runes.framework in Frameworks */ = {isa = PBXBuildFile; fileRef = 7AE079181E8C7CAC005F1C5A /* Runes.framework */; };
		7AE0792C1E8C7CAC005F1C5A /* Runes.framework in Embed Frameworks */ = {isa = PBXBuildFile; fileRef = 7AE079181E8C7CAC005F1C5A /* Runes.framework */; settings = {ATTRIBUTES = (CodeSignOnCopy, RemoveHeadersOnCopy, ); }; };
		7AE0792D1E8C7CAC005F1C5A /* Tentacle.framework in Frameworks */ = {isa = PBXBuildFile; fileRef = 7AE079191E8C7CAC005F1C5A /* Tentacle.framework */; };
		7AE0792E1E8C7CAC005F1C5A /* Tentacle.framework in Embed Frameworks */ = {isa = PBXBuildFile; fileRef = 7AE079191E8C7CAC005F1C5A /* Tentacle.framework */; settings = {ATTRIBUTES = (CodeSignOnCopy, RemoveHeadersOnCopy, ); }; };
		7AE0792F1E8C7CAC005F1C5A /* Yaml.framework in Frameworks */ = {isa = PBXBuildFile; fileRef = 7AE0791A1E8C7CAC005F1C5A /* Yaml.framework */; };
		7AE079301E8C7CAC005F1C5A /* Yaml.framework in Embed Frameworks */ = {isa = PBXBuildFile; fileRef = 7AE0791A1E8C7CAC005F1C5A /* Yaml.framework */; settings = {ATTRIBUTES = (CodeSignOnCopy, RemoveHeadersOnCopy, ); }; };
/* End PBXBuildFile section */

/* Begin PBXContainerItemProxy section */
		7A47167B1E8B47320098DD0B /* PBXContainerItemProxy */ = {
			isa = PBXContainerItemProxy;
			containerPortal = 7A47165E1E8B47320098DD0B /* Project object */;
			proxyType = 1;
			remoteGlobalIDString = 7A4716651E8B47320098DD0B;
			remoteInfo = Memoires;
		};
		7A4716861E8B47320098DD0B /* PBXContainerItemProxy */ = {
			isa = PBXContainerItemProxy;
			containerPortal = 7A47165E1E8B47320098DD0B /* Project object */;
			proxyType = 1;
			remoteGlobalIDString = 7A4716651E8B47320098DD0B;
			remoteInfo = Memoires;
		};
/* End PBXContainerItemProxy section */

/* Begin PBXCopyFilesBuildPhase section */
		7AE079311E8C7CAC005F1C5A /* Embed Frameworks */ = {
			isa = PBXCopyFilesBuildPhase;
			buildActionMask = 2147483647;
			dstPath = "";
			dstSubfolderSpec = 10;
			files = (
				7AE079201E8C7CAC005F1C5A /* KeychainSwift.framework in Embed Frameworks */,
				7AE0792C1E8C7CAC005F1C5A /* Runes.framework in Embed Frameworks */,
				7AE079281E8C7CAC005F1C5A /* ReactiveSwift.framework in Embed Frameworks */,
				7AE079261E8C7CAC005F1C5A /* ReactiveCocoa.framework in Embed Frameworks */,
				7AE0792A1E8C7CAC005F1C5A /* Result.framework in Embed Frameworks */,
				7AE0791E1E8C7CAC005F1C5A /* Curry.framework in Embed Frameworks */,
				7AE0791C1E8C7CAC005F1C5A /* Argo.framework in Embed Frameworks */,
				7AE079301E8C7CAC005F1C5A /* Yaml.framework in Embed Frameworks */,
				7AE0792E1E8C7CAC005F1C5A /* Tentacle.framework in Embed Frameworks */,
			);
			name = "Embed Frameworks";
			runOnlyForDeploymentPostprocessing = 0;
		};
/* End PBXCopyFilesBuildPhase section */

/* Begin PBXFileReference section */
		7A1FB6391E90424C0029DCF4 /* AuthenticationViewController.swift */ = {isa = PBXFileReference; fileEncoding = 4; lastKnownFileType = sourcecode.swift; path = AuthenticationViewController.swift; sourceTree = "<group>"; };
		7A1FB63B1E905A570029DCF4 /* Storyboards.swift */ = {isa = PBXFileReference; fileEncoding = 4; lastKnownFileType = sourcecode.swift; path = Storyboards.swift; sourceTree = "<group>"; };
		7A1FB63C1E905A570029DCF4 /* Assets.swift */ = {isa = PBXFileReference; fileEncoding = 4; lastKnownFileType = sourcecode.swift; path = Assets.swift; sourceTree = "<group>"; };
		7A1FB63F1E905C8F0029DCF4 /* ListViewController.swift */ = {isa = PBXFileReference; fileEncoding = 4; lastKnownFileType = sourcecode.swift; path = ListViewController.swift; sourceTree = "<group>"; };
		7A1FB6421E906D800029DCF4 /* RootView.swift */ = {isa = PBXFileReference; fileEncoding = 4; lastKnownFileType = sourcecode.swift; path = RootView.swift; sourceTree = "<group>"; };
		7A1FB6511E9072B20029DCF4 /* RootViewModel.swift */ = {isa = PBXFileReference; fileEncoding = 4; lastKnownFileType = sourcecode.swift; path = RootViewModel.swift; sourceTree = "<group>"; };
		7A4716661E8B47320098DD0B /* Memoires.app */ = {isa = PBXFileReference; explicitFileType = wrapper.application; includeInIndex = 0; path = Memoires.app; sourceTree = BUILT_PRODUCTS_DIR; };
		7A4716691E8B47320098DD0B /* AppDelegate.swift */ = {isa = PBXFileReference; lastKnownFileType = sourcecode.swift; path = AppDelegate.swift; sourceTree = "<group>"; };
		7A47166B1E8B47320098DD0B /* RootViewController.swift */ = {isa = PBXFileReference; lastKnownFileType = sourcecode.swift; path = RootViewController.swift; sourceTree = "<group>"; };
		7A47166E1E8B47320098DD0B /* Base */ = {isa = PBXFileReference; lastKnownFileType = file.storyboard; name = Base; path = Base.lproj/Main.storyboard; sourceTree = "<group>"; };
		7A4716701E8B47320098DD0B /* Assets.xcassets */ = {isa = PBXFileReference; lastKnownFileType = folder.assetcatalog; path = Assets.xcassets; sourceTree = "<group>"; };
		7A4716731E8B47320098DD0B /* Base */ = {isa = PBXFileReference; lastKnownFileType = file.storyboard; name = Base; path = Base.lproj/LaunchScreen.storyboard; sourceTree = "<group>"; };
		7A4716751E8B47320098DD0B /* Info.plist */ = {isa = PBXFileReference; lastKnownFileType = text.plist.xml; path = Info.plist; sourceTree = "<group>"; };
		7A47167A1E8B47320098DD0B /* MemoiresTests.xctest */ = {isa = PBXFileReference; explicitFileType = wrapper.cfbundle; includeInIndex = 0; path = MemoiresTests.xctest; sourceTree = BUILT_PRODUCTS_DIR; };
		7A47167E1E8B47320098DD0B /* MemoiresTests.swift */ = {isa = PBXFileReference; lastKnownFileType = sourcecode.swift; path = MemoiresTests.swift; sourceTree = "<group>"; };
		7A4716801E8B47320098DD0B /* Info.plist */ = {isa = PBXFileReference; lastKnownFileType = text.plist.xml; path = Info.plist; sourceTree = "<group>"; };
		7A4716851E8B47320098DD0B /* MemoiresUITests.xctest */ = {isa = PBXFileReference; explicitFileType = wrapper.cfbundle; includeInIndex = 0; path = MemoiresUITests.xctest; sourceTree = BUILT_PRODUCTS_DIR; };
		7A4716891E8B47320098DD0B /* MemoiresUITests.swift */ = {isa = PBXFileReference; lastKnownFileType = sourcecode.swift; path = MemoiresUITests.swift; sourceTree = "<group>"; };
		7A47168B1E8B47320098DD0B /* Info.plist */ = {isa = PBXFileReference; lastKnownFileType = text.plist.xml; path = Info.plist; sourceTree = "<group>"; };
		7A71BE9F1E90924900431DA8 /* UIColor+MMRAdditions.swift */ = {isa = PBXFileReference; fileEncoding = 4; lastKnownFileType = sourcecode.swift; path = "UIColor+MMRAdditions.swift"; sourceTree = "<group>"; };
		7A71BEA01E90924900431DA8 /* UIFont+MMRAdditions.swift */ = {isa = PBXFileReference; fileEncoding = 4; lastKnownFileType = sourcecode.swift; path = "UIFont+MMRAdditions.swift"; sourceTree = "<group>"; };
		7AE079101E8C7CAC005F1C5A /* Argo.framework */ = {isa = PBXFileReference; lastKnownFileType = wrapper.framework; name = Argo.framework; path = Carthage/Build/iOS/Argo.framework; sourceTree = "<group>"; };
		7AE079111E8C7CAC005F1C5A /* Curry.framework */ = {isa = PBXFileReference; lastKnownFileType = wrapper.framework; name = Curry.framework; path = Carthage/Build/iOS/Curry.framework; sourceTree = "<group>"; };
		7AE079121E8C7CAC005F1C5A /* KeychainSwift.framework */ = {isa = PBXFileReference; lastKnownFileType = wrapper.framework; name = KeychainSwift.framework; path = Carthage/Build/iOS/KeychainSwift.framework; sourceTree = "<group>"; };
		7AE079131E8C7CAC005F1C5A /* Nimble.framework */ = {isa = PBXFileReference; lastKnownFileType = wrapper.framework; name = Nimble.framework; path = Carthage/Build/iOS/Nimble.framework; sourceTree = "<group>"; };
		7AE079141E8C7CAC005F1C5A /* Quick.framework */ = {isa = PBXFileReference; lastKnownFileType = wrapper.framework; name = Quick.framework; path = Carthage/Build/iOS/Quick.framework; sourceTree = "<group>"; };
		7AE079151E8C7CAC005F1C5A /* ReactiveCocoa.framework */ = {isa = PBXFileReference; lastKnownFileType = wrapper.framework; name = ReactiveCocoa.framework; path = Carthage/Build/iOS/ReactiveCocoa.framework; sourceTree = "<group>"; };
		7AE079161E8C7CAC005F1C5A /* ReactiveSwift.framework */ = {isa = PBXFileReference; lastKnownFileType = wrapper.framework; name = ReactiveSwift.framework; path = Carthage/Build/iOS/ReactiveSwift.framework; sourceTree = "<group>"; };
		7AE079171E8C7CAC005F1C5A /* Result.framework */ = {isa = PBXFileReference; lastKnownFileType = wrapper.framework; name = Result.framework; path = Carthage/Build/iOS/Result.framework; sourceTree = "<group>"; };
		7AE079181E8C7CAC005F1C5A /* Runes.framework */ = {isa = PBXFileReference; lastKnownFileType = wrapper.framework; name = Runes.framework; path = Carthage/Build/iOS/Runes.framework; sourceTree = "<group>"; };
		7AE079191E8C7CAC005F1C5A /* Tentacle.framework */ = {isa = PBXFileReference; lastKnownFileType = wrapper.framework; name = Tentacle.framework; path = Carthage/Build/iOS/Tentacle.framework; sourceTree = "<group>"; };
		7AE0791A1E8C7CAC005F1C5A /* Yaml.framework */ = {isa = PBXFileReference; lastKnownFileType = wrapper.framework; name = Yaml.framework; path = Carthage/Build/iOS/Yaml.framework; sourceTree = "<group>"; };
/* End PBXFileReference section */

/* Begin PBXFrameworksBuildPhase section */
		7A4716631E8B47320098DD0B /* Frameworks */ = {
			isa = PBXFrameworksBuildPhase;
			buildActionMask = 2147483647;
			files = (
				7AE0791F1E8C7CAC005F1C5A /* KeychainSwift.framework in Frameworks */,
				7AE0792B1E8C7CAC005F1C5A /* Runes.framework in Frameworks */,
				7AE079271E8C7CAC005F1C5A /* ReactiveSwift.framework in Frameworks */,
				7AE079251E8C7CAC005F1C5A /* ReactiveCocoa.framework in Frameworks */,
				7AE079291E8C7CAC005F1C5A /* Result.framework in Frameworks */,
				7AE0791D1E8C7CAC005F1C5A /* Curry.framework in Frameworks */,
				7AE0791B1E8C7CAC005F1C5A /* Argo.framework in Frameworks */,
				7AE0792F1E8C7CAC005F1C5A /* Yaml.framework in Frameworks */,
				7AE0792D1E8C7CAC005F1C5A /* Tentacle.framework in Frameworks */,
			);
			runOnlyForDeploymentPostprocessing = 0;
		};
		7A4716771E8B47320098DD0B /* Frameworks */ = {
			isa = PBXFrameworksBuildPhase;
			buildActionMask = 2147483647;
			files = (
			);
			runOnlyForDeploymentPostprocessing = 0;
		};
		7A4716821E8B47320098DD0B /* Frameworks */ = {
			isa = PBXFrameworksBuildPhase;
			buildActionMask = 2147483647;
			files = (
			);
			runOnlyForDeploymentPostprocessing = 0;
		};
/* End PBXFrameworksBuildPhase section */

/* Begin PBXGroup section */
		7A1FB6411E905F3D0029DCF4 /* Frameworks */ = {
			isa = PBXGroup;
			children = (
				7AE079101E8C7CAC005F1C5A /* Argo.framework */,
				7AE079111E8C7CAC005F1C5A /* Curry.framework */,
				7AE079121E8C7CAC005F1C5A /* KeychainSwift.framework */,
				7AE079131E8C7CAC005F1C5A /* Nimble.framework */,
				7AE079141E8C7CAC005F1C5A /* Quick.framework */,
				7AE079151E8C7CAC005F1C5A /* ReactiveCocoa.framework */,
				7AE079161E8C7CAC005F1C5A /* ReactiveSwift.framework */,
				7AE079171E8C7CAC005F1C5A /* Result.framework */,
				7AE079181E8C7CAC005F1C5A /* Runes.framework */,
				7AE079191E8C7CAC005F1C5A /* Tentacle.framework */,
				7AE0791A1E8C7CAC005F1C5A /* Yaml.framework */,
			);
			name = Frameworks;
			sourceTree = "<group>";
		};
		7A1FB6501E9072A30029DCF4 /* Root */ = {
			isa = PBXGroup;
			children = (
				7A47166B1E8B47320098DD0B /* RootViewController.swift */,
				7A1FB6421E906D800029DCF4 /* RootView.swift */,
				7A1FB6511E9072B20029DCF4 /* RootViewModel.swift */,
			);
			name = Root;
			sourceTree = "<group>";
		};
		7A47165D1E8B47320098DD0B = {
			isa = PBXGroup;
			children = (
				7A1FB6411E905F3D0029DCF4 /* Frameworks */,
				7A4716681E8B47320098DD0B /* Memoires */,
				7A47167D1E8B47320098DD0B /* MemoiresTests */,
				7A4716881E8B47320098DD0B /* MemoiresUITests */,
				7A4716671E8B47320098DD0B /* Products */,
			);
			sourceTree = "<group>";
		};
		7A4716671E8B47320098DD0B /* Products */ = {
			isa = PBXGroup;
			children = (
				7A4716661E8B47320098DD0B /* Memoires.app */,
				7A47167A1E8B47320098DD0B /* MemoiresTests.xctest */,
				7A4716851E8B47320098DD0B /* MemoiresUITests.xctest */,
			);
			name = Products;
			sourceTree = "<group>";
		};
		7A4716681E8B47320098DD0B /* Memoires */ = {
			isa = PBXGroup;
			children = (
				7A71BE9F1E90924900431DA8 /* UIColor+MMRAdditions.swift */,
				7A71BEA01E90924900431DA8 /* UIFont+MMRAdditions.swift */,
				7A1FB63B1E905A570029DCF4 /* Storyboards.swift */,
				7A1FB63C1E905A570029DCF4 /* Assets.swift */,
				7A4716691E8B47320098DD0B /* AppDelegate.swift */,
				7A1FB6501E9072A30029DCF4 /* Root */,
				7A47166D1E8B47320098DD0B /* Main.storyboard */,
				7A4716701E8B47320098DD0B /* Assets.xcassets */,
				7A4716721E8B47320098DD0B /* LaunchScreen.storyboard */,
				7A4716751E8B47320098DD0B /* Info.plist */,
				7A1FB6391E90424C0029DCF4 /* AuthenticationViewController.swift */,
				7A1FB63F1E905C8F0029DCF4 /* ListViewController.swift */,
			);
			path = Memoires;
			sourceTree = "<group>";
		};
		7A47167D1E8B47320098DD0B /* MemoiresTests */ = {
			isa = PBXGroup;
			children = (
				7A47167E1E8B47320098DD0B /* MemoiresTests.swift */,
				7A4716801E8B47320098DD0B /* Info.plist */,
			);
			path = MemoiresTests;
			sourceTree = "<group>";
		};
		7A4716881E8B47320098DD0B /* MemoiresUITests */ = {
			isa = PBXGroup;
			children = (
				7A4716891E8B47320098DD0B /* MemoiresUITests.swift */,
				7A47168B1E8B47320098DD0B /* Info.plist */,
			);
			path = MemoiresUITests;
			sourceTree = "<group>";
		};
/* End PBXGroup section */

/* Begin PBXNativeTarget section */
		7A4716651E8B47320098DD0B /* Memoires */ = {
			isa = PBXNativeTarget;
			buildConfigurationList = 7A47168E1E8B47320098DD0B /* Build configuration list for PBXNativeTarget "Memoires" */;
			buildPhases = (
				7A4716621E8B47320098DD0B /* Sources */,
				7A4716631E8B47320098DD0B /* Frameworks */,
				7A4716641E8B47320098DD0B /* Resources */,
				7AE079311E8C7CAC005F1C5A /* Embed Frameworks */,
			);
			buildRules = (
			);
			dependencies = (
			);
			name = Memoires;
			productName = Memoires;
			productReference = 7A4716661E8B47320098DD0B /* Memoires.app */;
			productType = "com.apple.product-type.application";
		};
		7A4716791E8B47320098DD0B /* MemoiresTests */ = {
			isa = PBXNativeTarget;
			buildConfigurationList = 7A4716911E8B47320098DD0B /* Build configuration list for PBXNativeTarget "MemoiresTests" */;
			buildPhases = (
				7A4716761E8B47320098DD0B /* Sources */,
				7A4716771E8B47320098DD0B /* Frameworks */,
				7A4716781E8B47320098DD0B /* Resources */,
			);
			buildRules = (
			);
			dependencies = (
				7A47167C1E8B47320098DD0B /* PBXTargetDependency */,
			);
			name = MemoiresTests;
			productName = MemoiresTests;
			productReference = 7A47167A1E8B47320098DD0B /* MemoiresTests.xctest */;
			productType = "com.apple.product-type.bundle.unit-test";
		};
		7A4716841E8B47320098DD0B /* MemoiresUITests */ = {
			isa = PBXNativeTarget;
			buildConfigurationList = 7A4716941E8B47320098DD0B /* Build configuration list for PBXNativeTarget "MemoiresUITests" */;
			buildPhases = (
				7A4716811E8B47320098DD0B /* Sources */,
				7A4716821E8B47320098DD0B /* Frameworks */,
				7A4716831E8B47320098DD0B /* Resources */,
			);
			buildRules = (
			);
			dependencies = (
				7A4716871E8B47320098DD0B /* PBXTargetDependency */,
			);
			name = MemoiresUITests;
			productName = MemoiresUITests;
			productReference = 7A4716851E8B47320098DD0B /* MemoiresUITests.xctest */;
			productType = "com.apple.product-type.bundle.ui-testing";
		};
/* End PBXNativeTarget section */

/* Begin PBXProject section */
		7A47165E1E8B47320098DD0B /* Project object */ = {
			isa = PBXProject;
			attributes = {
				LastSwiftUpdateCheck = 0830;
				LastUpgradeCheck = 0830;
				ORGANIZATIONNAME = "Perfectly-Cooked";
				TargetAttributes = {
					7A4716651E8B47320098DD0B = {
						CreatedOnToolsVersion = 8.3;
						DevelopmentTeam = 8VS9JKFDZS;
						ProvisioningStyle = Automatic;
					};
					7A4716791E8B47320098DD0B = {
						CreatedOnToolsVersion = 8.3;
						DevelopmentTeam = 8VS9JKFDZS;
						ProvisioningStyle = Automatic;
						TestTargetID = 7A4716651E8B47320098DD0B;
					};
					7A4716841E8B47320098DD0B = {
						CreatedOnToolsVersion = 8.3;
						DevelopmentTeam = 8VS9JKFDZS;
						ProvisioningStyle = Automatic;
						TestTargetID = 7A4716651E8B47320098DD0B;
					};
				};
			};
			buildConfigurationList = 7A4716611E8B47320098DD0B /* Build configuration list for PBXProject "Memoires" */;
			compatibilityVersion = "Xcode 3.2";
			developmentRegion = English;
			hasScannedForEncodings = 0;
			knownRegions = (
				en,
				Base,
			);
			mainGroup = 7A47165D1E8B47320098DD0B;
			productRefGroup = 7A4716671E8B47320098DD0B /* Products */;
			projectDirPath = "";
			projectRoot = "";
			targets = (
				7A4716651E8B47320098DD0B /* Memoires */,
				7A4716791E8B47320098DD0B /* MemoiresTests */,
				7A4716841E8B47320098DD0B /* MemoiresUITests */,
			);
		};
/* End PBXProject section */

/* Begin PBXResourcesBuildPhase section */
		7A4716641E8B47320098DD0B /* Resources */ = {
			isa = PBXResourcesBuildPhase;
			buildActionMask = 2147483647;
			files = (
				7A4716741E8B47320098DD0B /* LaunchScreen.storyboard in Resources */,
				7A4716711E8B47320098DD0B /* Assets.xcassets in Resources */,
				7A47166F1E8B47320098DD0B /* Main.storyboard in Resources */,
			);
			runOnlyForDeploymentPostprocessing = 0;
		};
		7A4716781E8B47320098DD0B /* Resources */ = {
			isa = PBXResourcesBuildPhase;
			buildActionMask = 2147483647;
			files = (
			);
			runOnlyForDeploymentPostprocessing = 0;
		};
		7A4716831E8B47320098DD0B /* Resources */ = {
			isa = PBXResourcesBuildPhase;
			buildActionMask = 2147483647;
			files = (
			);
			runOnlyForDeploymentPostprocessing = 0;
		};
/* End PBXResourcesBuildPhase section */

/* Begin PBXSourcesBuildPhase section */
		7A4716621E8B47320098DD0B /* Sources */ = {
			isa = PBXSourcesBuildPhase;
			buildActionMask = 2147483647;
			files = (
				7A71BEA11E90924900431DA8 /* UIColor+MMRAdditions.swift in Sources */,
				7A1FB63D1E905A570029DCF4 /* Storyboards.swift in Sources */,
				7A47166C1E8B47320098DD0B /* RootViewController.swift in Sources */,
				7A1FB6401E905C8F0029DCF4 /* ListViewController.swift in Sources */,
				7A1FB63A1E90424C0029DCF4 /* AuthenticationViewController.swift in Sources */,
				7A1FB6431E906D800029DCF4 /* RootView.swift in Sources */,
				7A1FB63E1E905A570029DCF4 /* Assets.swift in Sources */,
				7A71BEA21E90924900431DA8 /* UIFont+MMRAdditions.swift in Sources */,
				7A1FB6521E9072B20029DCF4 /* RootViewModel.swift in Sources */,
				7A47166A1E8B47320098DD0B /* AppDelegate.swift in Sources */,
			);
			runOnlyForDeploymentPostprocessing = 0;
		};
		7A4716761E8B47320098DD0B /* Sources */ = {
			isa = PBXSourcesBuildPhase;
			buildActionMask = 2147483647;
			files = (
				7A47167F1E8B47320098DD0B /* MemoiresTests.swift in Sources */,
			);
			runOnlyForDeploymentPostprocessing = 0;
		};
		7A4716811E8B47320098DD0B /* Sources */ = {
			isa = PBXSourcesBuildPhase;
			buildActionMask = 2147483647;
			files = (
				7A47168A1E8B47320098DD0B /* MemoiresUITests.swift in Sources */,
			);
			runOnlyForDeploymentPostprocessing = 0;
		};
/* End PBXSourcesBuildPhase section */

/* Begin PBXTargetDependency section */
		7A47167C1E8B47320098DD0B /* PBXTargetDependency */ = {
			isa = PBXTargetDependency;
			target = 7A4716651E8B47320098DD0B /* Memoires */;
			targetProxy = 7A47167B1E8B47320098DD0B /* PBXContainerItemProxy */;
		};
		7A4716871E8B47320098DD0B /* PBXTargetDependency */ = {
			isa = PBXTargetDependency;
			target = 7A4716651E8B47320098DD0B /* Memoires */;
			targetProxy = 7A4716861E8B47320098DD0B /* PBXContainerItemProxy */;
		};
/* End PBXTargetDependency section */

/* Begin PBXVariantGroup section */
		7A47166D1E8B47320098DD0B /* Main.storyboard */ = {
			isa = PBXVariantGroup;
			children = (
				7A47166E1E8B47320098DD0B /* Base */,
			);
			name = Main.storyboard;
			sourceTree = "<group>";
		};
		7A4716721E8B47320098DD0B /* LaunchScreen.storyboard */ = {
			isa = PBXVariantGroup;
			children = (
				7A4716731E8B47320098DD0B /* Base */,
			);
			name = LaunchScreen.storyboard;
			sourceTree = "<group>";
		};
/* End PBXVariantGroup section */

/* Begin XCBuildConfiguration section */
		7A47168C1E8B47320098DD0B /* Debug */ = {
			isa = XCBuildConfiguration;
			buildSettings = {
				ALWAYS_SEARCH_USER_PATHS = NO;
				CLANG_ANALYZER_NONNULL = YES;
				CLANG_ANALYZER_NUMBER_OBJECT_CONVERSION = YES_AGGRESSIVE;
				CLANG_CXX_LANGUAGE_STANDARD = "gnu++0x";
				CLANG_CXX_LIBRARY = "libc++";
				CLANG_ENABLE_MODULES = YES;
				CLANG_ENABLE_OBJC_ARC = YES;
				CLANG_WARN_BOOL_CONVERSION = YES;
				CLANG_WARN_CONSTANT_CONVERSION = YES;
				CLANG_WARN_DIRECT_OBJC_ISA_USAGE = YES_ERROR;
				CLANG_WARN_DOCUMENTATION_COMMENTS = YES;
				CLANG_WARN_EMPTY_BODY = YES;
				CLANG_WARN_ENUM_CONVERSION = YES;
				CLANG_WARN_INFINITE_RECURSION = YES;
				CLANG_WARN_INT_CONVERSION = YES;
				CLANG_WARN_OBJC_ROOT_CLASS = YES_ERROR;
				CLANG_WARN_SUSPICIOUS_MOVE = YES;
				CLANG_WARN_UNREACHABLE_CODE = YES;
				CLANG_WARN__DUPLICATE_METHOD_MATCH = YES;
				"CODE_SIGN_IDENTITY[sdk=iphoneos*]" = "iPhone Developer";
				COPY_PHASE_STRIP = NO;
				DEBUG_INFORMATION_FORMAT = dwarf;
				ENABLE_STRICT_OBJC_MSGSEND = YES;
				ENABLE_TESTABILITY = YES;
				GCC_C_LANGUAGE_STANDARD = gnu99;
				GCC_DYNAMIC_NO_PIC = NO;
				GCC_NO_COMMON_BLOCKS = YES;
				GCC_OPTIMIZATION_LEVEL = 0;
				GCC_PREPROCESSOR_DEFINITIONS = (
					"DEBUG=1",
					"$(inherited)",
				);
				GCC_WARN_64_TO_32_BIT_CONVERSION = YES;
				GCC_WARN_ABOUT_RETURN_TYPE = YES_ERROR;
				GCC_WARN_UNDECLARED_SELECTOR = YES;
				GCC_WARN_UNINITIALIZED_AUTOS = YES_AGGRESSIVE;
				GCC_WARN_UNUSED_FUNCTION = YES;
				GCC_WARN_UNUSED_VARIABLE = YES;
				IPHONEOS_DEPLOYMENT_TARGET = 10.3;
				MTL_ENABLE_DEBUG_INFO = YES;
				ONLY_ACTIVE_ARCH = YES;
				SDKROOT = iphoneos;
				SWIFT_ACTIVE_COMPILATION_CONDITIONS = DEBUG;
				SWIFT_OPTIMIZATION_LEVEL = "-Onone";
				TARGETED_DEVICE_FAMILY = "1,2";
			};
			name = Debug;
		};
		7A47168D1E8B47320098DD0B /* Release */ = {
			isa = XCBuildConfiguration;
			buildSettings = {
				ALWAYS_SEARCH_USER_PATHS = NO;
				CLANG_ANALYZER_NONNULL = YES;
				CLANG_ANALYZER_NUMBER_OBJECT_CONVERSION = YES_AGGRESSIVE;
				CLANG_CXX_LANGUAGE_STANDARD = "gnu++0x";
				CLANG_CXX_LIBRARY = "libc++";
				CLANG_ENABLE_MODULES = YES;
				CLANG_ENABLE_OBJC_ARC = YES;
				CLANG_WARN_BOOL_CONVERSION = YES;
				CLANG_WARN_CONSTANT_CONVERSION = YES;
				CLANG_WARN_DIRECT_OBJC_ISA_USAGE = YES_ERROR;
				CLANG_WARN_DOCUMENTATION_COMMENTS = YES;
				CLANG_WARN_EMPTY_BODY = YES;
				CLANG_WARN_ENUM_CONVERSION = YES;
				CLANG_WARN_INFINITE_RECURSION = YES;
				CLANG_WARN_INT_CONVERSION = YES;
				CLANG_WARN_OBJC_ROOT_CLASS = YES_ERROR;
				CLANG_WARN_SUSPICIOUS_MOVE = YES;
				CLANG_WARN_UNREACHABLE_CODE = YES;
				CLANG_WARN__DUPLICATE_METHOD_MATCH = YES;
				"CODE_SIGN_IDENTITY[sdk=iphoneos*]" = "iPhone Developer";
				COPY_PHASE_STRIP = NO;
				DEBUG_INFORMATION_FORMAT = "dwarf-with-dsym";
				ENABLE_NS_ASSERTIONS = NO;
				ENABLE_STRICT_OBJC_MSGSEND = YES;
				GCC_C_LANGUAGE_STANDARD = gnu99;
				GCC_NO_COMMON_BLOCKS = YES;
				GCC_WARN_64_TO_32_BIT_CONVERSION = YES;
				GCC_WARN_ABOUT_RETURN_TYPE = YES_ERROR;
				GCC_WARN_UNDECLARED_SELECTOR = YES;
				GCC_WARN_UNINITIALIZED_AUTOS = YES_AGGRESSIVE;
				GCC_WARN_UNUSED_FUNCTION = YES;
				GCC_WARN_UNUSED_VARIABLE = YES;
				IPHONEOS_DEPLOYMENT_TARGET = 10.3;
				MTL_ENABLE_DEBUG_INFO = NO;
				SDKROOT = iphoneos;
				SWIFT_OPTIMIZATION_LEVEL = "-Owholemodule";
				TARGETED_DEVICE_FAMILY = "1,2";
				VALIDATE_PRODUCT = YES;
			};
			name = Release;
		};
		7A47168F1E8B47320098DD0B /* Debug */ = {
			isa = XCBuildConfiguration;
			buildSettings = {
				ASSETCATALOG_COMPILER_APPICON_NAME = AppIcon;
				DEVELOPMENT_TEAM = 8VS9JKFDZS;
				FRAMEWORK_SEARCH_PATHS = (
					"$(inherited)",
					"$(PROJECT_DIR)/Carthage/Build/iOS",
				);
				INFOPLIST_FILE = Memoires/Info.plist;
				LD_RUNPATH_SEARCH_PATHS = "$(inherited) @executable_path/Frameworks";
				PRODUCT_BUNDLE_IDENTIFIER = "com.perfectly-cooked.app.Memoires";
				PRODUCT_NAME = "$(TARGET_NAME)";
				SWIFT_VERSION = 3.0;
			};
			name = Debug;
		};
		7A4716901E8B47320098DD0B /* Release */ = {
			isa = XCBuildConfiguration;
			buildSettings = {
				ASSETCATALOG_COMPILER_APPICON_NAME = AppIcon;
				DEVELOPMENT_TEAM = 8VS9JKFDZS;
				FRAMEWORK_SEARCH_PATHS = (
					"$(inherited)",
					"$(PROJECT_DIR)/Carthage/Build/iOS",
				);
				INFOPLIST_FILE = Memoires/Info.plist;
				LD_RUNPATH_SEARCH_PATHS = "$(inherited) @executable_path/Frameworks";
				PRODUCT_BUNDLE_IDENTIFIER = "com.perfectly-cooked.app.Memoires";
				PRODUCT_NAME = "$(TARGET_NAME)";
				SWIFT_VERSION = 3.0;
			};
			name = Release;
		};
		7A4716921E8B47320098DD0B /* Debug */ = {
			isa = XCBuildConfiguration;
			buildSettings = {
				ALWAYS_EMBED_SWIFT_STANDARD_LIBRARIES = YES;
				BUNDLE_LOADER = "$(TEST_HOST)";
				DEVELOPMENT_TEAM = 8VS9JKFDZS;
				INFOPLIST_FILE = MemoiresTests/Info.plist;
				LD_RUNPATH_SEARCH_PATHS = "$(inherited) @executable_path/Frameworks @loader_path/Frameworks";
				PRODUCT_BUNDLE_IDENTIFIER = "com.perfectly-cooked.MemoiresTests";
				PRODUCT_NAME = "$(TARGET_NAME)";
				SWIFT_VERSION = 3.0;
				TEST_HOST = "$(BUILT_PRODUCTS_DIR)/Memoires.app/Memoires";
			};
			name = Debug;
		};
		7A4716931E8B47320098DD0B /* Release */ = {
			isa = XCBuildConfiguration;
			buildSettings = {
				ALWAYS_EMBED_SWIFT_STANDARD_LIBRARIES = YES;
				BUNDLE_LOADER = "$(TEST_HOST)";
				DEVELOPMENT_TEAM = 8VS9JKFDZS;
				INFOPLIST_FILE = MemoiresTests/Info.plist;
				LD_RUNPATH_SEARCH_PATHS = "$(inherited) @executable_path/Frameworks @loader_path/Frameworks";
				PRODUCT_BUNDLE_IDENTIFIER = "com.perfectly-cooked.MemoiresTests";
				PRODUCT_NAME = "$(TARGET_NAME)";
				SWIFT_VERSION = 3.0;
				TEST_HOST = "$(BUILT_PRODUCTS_DIR)/Memoires.app/Memoires";
			};
			name = Release;
		};
		7A4716951E8B47320098DD0B /* Debug */ = {
			isa = XCBuildConfiguration;
			buildSettings = {
				ALWAYS_EMBED_SWIFT_STANDARD_LIBRARIES = YES;
				DEVELOPMENT_TEAM = 8VS9JKFDZS;
				INFOPLIST_FILE = MemoiresUITests/Info.plist;
				LD_RUNPATH_SEARCH_PATHS = "$(inherited) @executable_path/Frameworks @loader_path/Frameworks";
				PRODUCT_BUNDLE_IDENTIFIER = "com.perfectly-cooked.MemoiresUITests";
				PRODUCT_NAME = "$(TARGET_NAME)";
				SWIFT_VERSION = 3.0;
				TEST_TARGET_NAME = Memoires;
			};
			name = Debug;
		};
		7A4716961E8B47320098DD0B /* Release */ = {
			isa = XCBuildConfiguration;
			buildSettings = {
				ALWAYS_EMBED_SWIFT_STANDARD_LIBRARIES = YES;
				DEVELOPMENT_TEAM = 8VS9JKFDZS;
				INFOPLIST_FILE = MemoiresUITests/Info.plist;
				LD_RUNPATH_SEARCH_PATHS = "$(inherited) @executable_path/Frameworks @loader_path/Frameworks";
				PRODUCT_BUNDLE_IDENTIFIER = "com.perfectly-cooked.MemoiresUITests";
				PRODUCT_NAME = "$(TARGET_NAME)";
				SWIFT_VERSION = 3.0;
				TEST_TARGET_NAME = Memoires;
			};
			name = Release;
		};
/* End XCBuildConfiguration section */

/* Begin XCConfigurationList section */
		7A4716611E8B47320098DD0B /* Build configuration list for PBXProject "Memoires" */ = {
			isa = XCConfigurationList;
			buildConfigurations = (
				7A47168C1E8B47320098DD0B /* Debug */,
				7A47168D1E8B47320098DD0B /* Release */,
			);
			defaultConfigurationIsVisible = 0;
			defaultConfigurationName = Release;
		};
		7A47168E1E8B47320098DD0B /* Build configuration list for PBXNativeTarget "Memoires" */ = {
			isa = XCConfigurationList;
			buildConfigurations = (
				7A47168F1E8B47320098DD0B /* Debug */,
				7A4716901E8B47320098DD0B /* Release */,
			);
			defaultConfigurationIsVisible = 0;
			defaultConfigurationName = Release;
		};
		7A4716911E8B47320098DD0B /* Build configuration list for PBXNativeTarget "MemoiresTests" */ = {
			isa = XCConfigurationList;
			buildConfigurations = (
				7A4716921E8B47320098DD0B /* Debug */,
				7A4716931E8B47320098DD0B /* Release */,
			);
			defaultConfigurationIsVisible = 0;
			defaultConfigurationName = Release;
		};
		7A4716941E8B47320098DD0B /* Build configuration list for PBXNativeTarget "MemoiresUITests" */ = {
			isa = XCConfigurationList;
			buildConfigurations = (
				7A4716951E8B47320098DD0B /* Debug */,
				7A4716961E8B47320098DD0B /* Release */,
			);
			defaultConfigurationIsVisible = 0;
			defaultConfigurationName = Release;
		};
/* End XCConfigurationList section */
	};
	rootObject = 7A47165E1E8B47320098DD0B /* Project object */;
}
